{
  "version": 4,
  "terraform_version": "1.14.9",
  "serial": 1510,
  "lineage": "44d63961-9f72-a821-c945-a815537ec307",
  "outputs": {
    "archive_bucket_name": {
      "value": "music-streaming-archive-dev",
      "type": "string"
    },
    "curated_bucket_name": {
      "value": "music-streaming-curated-dev",
      "type": "string"
    },
    "dynamodb_genre_kpis_table": {
      "value": "genre_kpis",
      "type": "string"
    },
    "dynamodb_top_genres_table": {
      "value": "top_genres",
      "type": "string"
    },
    "dynamodb_top_songs_table": {
      "value": "top_songs",
      "type": "string"
    },
    "eventbridge_pipe_name": {
      "value": "music-streaming-sqs-to-sfn",
      "type": "string"
    },
    "eventbridge_rule_name": {
      "value": "music-streaming-streams-uploaded",
      "type": "string"
    },
    "glue_curated_crawler_name": {
      "value": "music-streaming-curated-crawler",
      "type": "string"
    },
    "glue_database_name": {
      "value": "music_streaming_db",
      "type": "string"
    },
    "glue_job_archive": {
      "value": "music-streaming-archive",
      "type": "string"
    },
    "glue_job_dynamodb_loader": {
      "value": "music-streaming-dynamodb-loader",
      "type": "string"
    },
    "glue_job_etl_transform": {
      "value": "music-streaming-etl-transform",
      "type": "string"
    },
    "glue_job_kpi_aggregation": {
      "value": "music-streaming-kpi-aggregation",
      "type": "string"
    },
    "glue_job_validation": {
      "value": "music-streaming-validation",
      "type": "string"
    },
    "glue_log_group": {
      "value": "/aws/glue/music-streaming",
      "type": "string"
    },
    "glue_raw_crawler_name": {
      "value": "music-streaming-raw-crawler",
      "type": "string"
    },
    "glue_role_arn": {
      "value": "arn:aws:iam::879584802537:role/glue-pipeline-role",
      "type": "string"
    },
    "glue_role_name": {
      "value": "glue-pipeline-role",
      "type": "string"
    },
    "glue_workflow_name": {
      "value": "music-streaming-pipeline",
      "type": "string"
    },
    "raw_bucket_arn": {
      "value": "arn:aws:s3:::music-streaming-raw-dev",
      "type": "string"
    },
    "raw_bucket_name": {
      "value": "music-streaming-raw-dev",
      "type": "string"
    },
    "sns_alerts_topic_arn": {
      "value": "arn:aws:sns:us-east-1:879584802537:music-streaming-pipeline-alerts",
      "type": "string"
    },
    "sqs_pipeline_dlq_url": {
      "value": "https://sqs.us-east-1.amazonaws.com/879584802537/music-streaming-pipeline-dlq",
      "type": "string"
    },
    "sqs_pipeline_events_url": {
      "value": "https://sqs.us-east-1.amazonaws.com/879584802537/music-streaming-pipeline-events",
      "type": "string"
    },
    "state_machine_arn": {
      "value": "arn:aws:states:us-east-1:879584802537:stateMachine:music-streaming-pipeline",
      "type": "string"
    },
    "state_machine_name": {
      "value": "music-streaming-pipeline",
      "type": "string"
    },
    "step_functions_log_group": {
      "value": "/aws/states/music-streaming",
      "type": "string"
    }
  },
  "resources": [
    {
      "mode": "data",
      "type": "aws_caller_identity",
      "name": "current",
      "provider": "provider[\"registry.terraform.io/hashicorp/aws\"]",
      "instances": [
        {
          "schema_version": 0,
          "attributes": {
            "account_id": "879584802537",
            "arn": "arn:aws:iam::879584802537:user/AWS_CLI",
            "id": "879584802537",
            "user_id": "AIDA4ZS2W63U6Y6PFZXPM"
          },
          "sensitive_attributes": [],
          "identity_schema_version": 0
        }
      ]
    },
    {
      "mode": "data",
      "type": "aws_iam_policy_document",
      "name": "glue_trust",
      "provider": "provider[\"registry.terraform.io/hashicorp/aws\"]",
      "instances": [
        {
          "schema_version": 0,
          "attributes": {
            "id": "2681768870",
            "json": "{\n  \"Version\": \"2012-10-17\",\n  \"Statement\": [\n    {\n      \"Effect\": \"Allow\",\n      \"Action\": \"sts:AssumeRole\",\n      \"Principal\": {\n        \"Service\": \"glue.amazonaws.com\"\n      }\n    }\n  ]\n}",
            "minified_json": "{\"Version\":\"2012-10-17\",\"Statement\":[{\"Effect\":\"Allow\",\"Action\":\"sts:AssumeRole\",\"Principal\":{\"Service\":\"glue.amazonaws.com\"}}]}",
            "override_json": null,
            "override_policy_documents": null,
            "policy_id": null,
            "source_json": null,
            "source_policy_documents": null,
            "statement": [
              {
                "actions": [
                  "sts:AssumeRole"
                ],
                "condition": [],
                "effect": "Allow",
                "not_actions": [],
                "not_principals": [],
                "not_resources": [],
                "principals": [
                  {
                    "identifiers": [
                      "glue.amazonaws.com"
                    ],
                    "type": "Service"
                  }
                ],
                "resources": [],
                "sid": ""
              }
            ],
            "version": "2012-10-17"
          },
          "sensitive_attributes": [],
          "identity_schema_version": 0
        }
      ]
    },
    {
      "mode": "data",
      "type": "aws_iam_policy_document",
      "name": "pipes_permissions",
      "provider": "provider[\"registry.terraform.io/hashicorp/aws\"]",
      "instances": [
        {
          "schema_version": 0,
          "attributes": {
            "id": "2246727874",
            "json": "{\n  \"Version\": \"2012-10-17\",\n  \"Statement\": [\n    {\n      \"Sid\": \"SqsConsume\",\n      \"Effect\": \"Allow\",\n      \"Action\": [\n        \"sqs:ReceiveMessage\",\n        \"sqs:GetQueueAttributes\",\n        \"sqs:DeleteMessage\"\n      ],\n      \"Resource\": \"arn:aws:sqs:us-east-1:879584802537:music-streaming-pipeline-events\"\n    },\n    {\n      \"Sid\": \"StartExecution\",\n      \"Effect\": \"Allow\",\n      \"Action\": \"states:StartExecution\",\n      \"Resource\": \"arn:aws:states:us-east-1:879584802537:stateMachine:music-streaming-pipeline\"\n    }\n  ]\n}",
            "minified_json": "{\"Version\":\"2012-10-17\",\"Statement\":[{\"Sid\":\"SqsConsume\",\"Effect\":\"Allow\",\"Action\":[\"sqs:ReceiveMessage\",\"sqs:GetQueueAttributes\",\"sqs:DeleteMessage\"],\"Resource\":\"arn:aws:sqs:us-east-1:879584802537:music-streaming-pipeline-events\"},{\"Sid\":\"StartExecution\",\"Effect\":\"Allow\",\"Action\":\"states:StartExecution\",\"Resource\":\"arn:aws:states:us-east-1:879584802537:stateMachine:music-streaming-pipeline\"}]}",
            "override_json": null,
            "override_policy_documents": null,
            "policy_id": null,
            "source_json": null,
            "source_policy_documents": null,
            "statement": [
              {
                "actions": [
                  "sqs:DeleteMessage",
                  "sqs:GetQueueAttributes",
                  "sqs:ReceiveMessage"
                ],
                "condition": [],
                "effect": "Allow",
                "not_actions": [],
                "not_principals": [],
                "not_resources": [],
                "principals": [],
                "resources": [
                  "arn:aws:sqs:us-east-1:879584802537:music-streaming-pipeline-events"
                ],
                "sid": "SqsConsume"
              },
              {
                "actions": [
                  "states:StartExecution"
                ],
                "condition": [],
                "effect": "Allow",
                "not_actions": [],
                "not_principals": [],
                "not_resources": [],
                "principals": [],
                "resources": [
                  "arn:aws:states:us-east-1:879584802537:stateMachine:music-streaming-pipeline"
                ],
                "sid": "StartExecution"
              }
            ],
            "version": "2012-10-17"
          },
          "sensitive_attributes": [],
          "identity_schema_version": 0
        }
      ]
    },
    {
      "mode": "data",
      "type": "aws_iam_policy_document",
      "name": "pipes_trust",
      "provider": "provider[\"registry.terraform.io/hashicorp/aws\"]",
      "instances": [
        {
          "schema_version": 0,
          "attributes": {
            "id": "919460314",
            "json": "{\n  \"Version\": \"2012-10-17\",\n  \"Statement\": [\n    {\n      \"Effect\": \"Allow\",\n      \"Action\": \"sts:AssumeRole\",\n      \"Principal\": {\n        \"Service\": \"pipes.amazonaws.com\"\n      },\n      \"Condition\": {\n        \"StringEquals\": {\n          \"aws:SourceAccount\": \"879584802537\"\n        }\n      }\n    }\n  ]\n}",
            "minified_json": "{\"Version\":\"2012-10-17\",\"Statement\":[{\"Effect\":\"Allow\",\"Action\":\"sts:AssumeRole\",\"Principal\":{\"Service\":\"pipes.amazonaws.com\"},\"Condition\":{\"StringEquals\":{\"aws:SourceAccount\":\"879584802537\"}}}]}",
            "override_json": null,
            "override_policy_documents": null,
            "policy_id": null,
            "source_json": null,
            "source_policy_documents": null,
            "statement": [
              {
                "actions": [
                  "sts:AssumeRole"
                ],
                "condition": [
                  {
                    "test": "StringEquals",
                    "values": [
                      "879584802537"
                    ],
                    "variable": "aws:SourceAccount"
                  }
                ],
                "effect": "Allow",
                "not_actions": [],
                "not_principals": [],
                "not_resources": [],
                "principals": [
                  {
                    "identifiers": [
                      "pipes.amazonaws.com"
                    ],
                    "type": "Service"
                  }
                ],
                "resources": [],
                "sid": ""
              }
            ],
            "version": "2012-10-17"
          },
          "sensitive_attributes": [],
          "identity_schema_version": 0
        }
      ]
    },
    {
      "mode": "data",
      "type": "aws_iam_policy_document",
      "name": "sfn_permissions",
      "provider": "provider[\"registry.terraform.io/hashicorp/aws\"]",
      "instances": [
        {
          "schema_version": 0,
          "attributes": {
            "id": "4130625839",
            "json": "{\n  \"Version\": \"2012-10-17\",\n  \"Statement\": [\n    {\n      \"Sid\": \"GlueJobControl\",\n      \"Effect\": \"Allow\",\n      \"Action\": [\n        \"glue:StartJobRun\",\n        \"glue:GetJobRuns\",\n        \"glue:GetJobRun\",\n        \"glue:BatchStopJobRun\"\n      ],\n      \"Resource\": \"*\"\n    },\n    {\n      \"Sid\": \"GlueCrawlerControl\",\n      \"Effect\": \"Allow\",\n      \"Action\": [\n        \"glue:StartCrawler\",\n        \"glue:GetCrawler\"\n      ],\n      \"Resource\": \"*\"\n    },\n    {\n      \"Sid\": \"SnsPublish\",\n      \"Effect\": \"Allow\",\n      \"Action\": \"sns:Publish\",\n      \"Resource\": \"arn:aws:sns:us-east-1:879584802537:music-streaming-pipeline-alerts\"\n    },\n    {\n      \"Sid\": \"CloudWatchLogs\",\n      \"Effect\": \"Allow\",\n      \"Action\": [\n        \"logs:UpdateLogDelivery\",\n        \"logs:PutResourcePolicy\",\n        \"logs:ListLogDeliveries\",\n        \"logs:GetLogDelivery\",\n        \"logs:DescribeResourcePolicies\",\n        \"logs:DescribeLogGroups\",\n        \"logs:DeleteLogDelivery\",\n        \"logs:CreateLogDelivery\"\n      ],\n      \"Resource\": \"*\"\n    },\n    {\n      \"Sid\": \"XRayTracing\",\n      \"Effect\": \"Allow\",\n      \"Action\": [\n        \"xray:PutTraceSegments\",\n        \"xray:PutTelemetryRecords\",\n        \"xray:GetSamplingTargets\",\n        \"xray:GetSamplingRules\"\n      ],\n      \"Resource\": \"*\"\n    }\n  ]\n}",
            "minified_json": "{\"Version\":\"2012-10-17\",\"Statement\":[{\"Sid\":\"GlueJobControl\",\"Effect\":\"Allow\",\"Action\":[\"glue:StartJobRun\",\"glue:GetJobRuns\",\"glue:GetJobRun\",\"glue:BatchStopJobRun\"],\"Resource\":\"*\"},{\"Sid\":\"GlueCrawlerControl\",\"Effect\":\"Allow\",\"Action\":[\"glue:StartCrawler\",\"glue:GetCrawler\"],\"Resource\":\"*\"},{\"Sid\":\"SnsPublish\",\"Effect\":\"Allow\",\"Action\":\"sns:Publish\",\"Resource\":\"arn:aws:sns:us-east-1:879584802537:music-streaming-pipeline-alerts\"},{\"Sid\":\"CloudWatchLogs\",\"Effect\":\"Allow\",\"Action\":[\"logs:UpdateLogDelivery\",\"logs:PutResourcePolicy\",\"logs:ListLogDeliveries\",\"logs:GetLogDelivery\",\"logs:DescribeResourcePolicies\",\"logs:DescribeLogGroups\",\"logs:DeleteLogDelivery\",\"logs:CreateLogDelivery\"],\"Resource\":\"*\"},{\"Sid\":\"XRayTracing\",\"Effect\":\"Allow\",\"Action\":[\"xray:PutTraceSegments\",\"xray:PutTelemetryRecords\",\"xray:GetSamplingTargets\",\"xray:GetSamplingRules\"],\"Resource\":\"*\"}]}",
            "override_json": null,
            "override_policy_documents": null,
            "policy_id": null,
            "source_json": null,
            "source_policy_documents": null,
            "statement": [
              {
                "actions": [
                  "glue:BatchStopJobRun",
                  "glue:GetJobRun",
                  "glue:GetJobRuns",
                  "glue:StartJobRun"
                ],
                "condition": [],
                "effect": "Allow",
                "not_actions": [],
                "not_principals": [],
                "not_resources": [],
                "principals": [],
                "resources": [
                  "*"
                ],
                "sid": "GlueJobControl"
              },
              {
                "actions": [
                  "glue:GetCrawler",
                  "glue:StartCrawler"
                ],
                "condition": [],
                "effect": "Allow",
                "not_actions": [],
                "not_principals": [],
                "not_resources": [],
                "principals": [],
                "resources": [
                  "*"
                ],
                "sid": "GlueCrawlerControl"
              },
              {
                "actions": [
                  "sns:Publish"
                ],
                "condition": [],
                "effect": "Allow",
                "not_actions": [],
                "not_principals": [],
                "not_resources": [],
                "principals": [],
                "resources": [
                  "arn:aws:sns:us-east-1:879584802537:music-streaming-pipeline-alerts"
                ],
                "sid": "SnsPublish"
              },
              {
                "actions": [
                  "logs:CreateLogDelivery",
                  "logs:DeleteLogDelivery",
                  "logs:DescribeLogGroups",
                  "logs:DescribeResourcePolicies",
                  "logs:GetLogDelivery",
                  "logs:ListLogDeliveries",
                  "logs:PutResourcePolicy",
                  "logs:UpdateLogDelivery"
                ],
                "condition": [],
                "effect": "Allow",
                "not_actions": [],
                "not_principals": [],
                "not_resources": [],
                "principals": [],
                "resources": [
                  "*"
                ],
                "sid": "CloudWatchLogs"
              },
              {
                "actions": [
                  "xray:GetSamplingRules",
                  "xray:GetSamplingTargets",
                  "xray:PutTelemetryRecords",
                  "xray:PutTraceSegments"
                ],
                "condition": [],
                "effect": "Allow",
                "not_actions": [],
                "not_principals": [],
                "not_resources": [],
                "principals": [],
                "resources": [
                  "*"
                ],
                "sid": "XRayTracing"
              }
            ],
            "version": "2012-10-17"
          },
          "sensitive_attributes": [],
          "identity_schema_version": 0
        }
      ]
    },
    {
      "mode": "data",
      "type": "aws_iam_policy_document",
      "name": "sfn_trust",
      "provider": "provider[\"registry.terraform.io/hashicorp/aws\"]",
      "instances": [
        {
          "schema_version": 0,
          "attributes": {
            "id": "4022981484",
            "json": "{\n  \"Version\": \"2012-10-17\",\n  \"Statement\": [\n    {\n      \"Effect\": \"Allow\",\n      \"Action\": \"sts:AssumeRole\",\n      \"Principal\": {\n        \"Service\": \"states.amazonaws.com\"\n      }\n    }\n  ]\n}",
            "minified_json": "{\"Version\":\"2012-10-17\",\"Statement\":[{\"Effect\":\"Allow\",\"Action\":\"sts:AssumeRole\",\"Principal\":{\"Service\":\"states.amazonaws.com\"}}]}",
            "override_json": null,
            "override_policy_documents": null,
            "policy_id": null,
            "source_json": null,
            "source_policy_documents": null,
            "statement": [
              {
                "actions": [
                  "sts:AssumeRole"
                ],
                "condition": [],
                "effect": "Allow",
                "not_actions": [],
                "not_principals": [],
                "not_resources": [],
                "principals": [
                  {
                    "identifiers": [
                      "states.amazonaws.com"
                    ],
                    "type": "Service"
                  }
                ],
                "resources": [],
                "sid": ""
              }
            ],
            "version": "2012-10-17"
          },
          "sensitive_attributes": [],
          "identity_schema_version": 0
        }
      ]
    },
    {
      "mode": "managed",
      "type": "aws_cloudwatch_event_rule",
      "name": "streams_uploaded",
      "provider": "provider[\"registry.terraform.io/hashicorp/aws\"]",
      "instances": [
        {
          "schema_version": 1,
          "attributes": {
            "arn": "arn:aws:events:us-east-1:879584802537:rule/music-streaming-streams-uploaded",
            "description": "Fires when a new file is uploaded to the raw bucket under streams/",
            "event_bus_name": "default",
            "event_pattern": "{\"detail\":{\"bucket\":{\"name\":[\"music-streaming-raw-dev\"]},\"object\":{\"key\":[{\"prefix\":\"streams/\"}]}},\"detail-type\":[\"Object Created\"],\"source\":[\"aws.s3\"]}",
            "force_destroy": false,
            "id": "music-streaming-streams-uploaded",
            "is_enabled": true,
            "name": "music-streaming-streams-uploaded",
            "name_prefix": "",
            "role_arn": "",
            "schedule_expression": "",
            "state": "ENABLED",
            "tags": {
              "Purpose": "Detects new stream files arriving in S3"
            },
            "tags_all": {
              "Environment": "dev",
              "ManagedBy": "terraform",
              "Project": "music-streaming-pipeline",
              "Purpose": "Detects new stream files arriving in S3"
            }
          },
          "sensitive_attributes": [],
          "identity_schema_version": 0,
          "private": "eyJzY2hlbWFfdmVyc2lvbiI6IjEifQ==",
          "dependencies": [
            "aws_s3_bucket.raw"
          ]
        }
      ]
    },
    {
      "mode": "managed",
      "type": "aws_cloudwatch_event_target",
      "name": "sqs_target",
      "provider": "provider[\"registry.terraform.io/hashicorp/aws\"]",
      "instances": [
        {
          "schema_version": 1,
          "attributes": {
            "appsync_target": [],
            "arn": "arn:aws:sqs:us-east-1:879584802537:music-streaming-pipeline-events",
            "batch_target": [],
            "dead_letter_config": [
              {
                "arn": "arn:aws:sqs:us-east-1:879584802537:music-streaming-pipeline-dlq"
              }
            ],
            "ecs_target": [],
            "event_bus_name": "default",
            "force_destroy": false,
            "http_target": [],
            "id": "music-streaming-streams-uploaded-SendToSQS",
            "input": "",
            "input_path": "",
            "input_transformer": [],
            "kinesis_target": [],
            "redshift_target": [],
            "retry_policy": [
              {
                "maximum_event_age_in_seconds": 3600,
                "maximum_retry_attempts": 3
              }
            ],
            "role_arn": "",
            "rule": "music-streaming-streams-uploaded",
            "run_command_targets": [],
            "sagemaker_pipeline_target": [],
            "sqs_target": [],
            "target_id": "SendToSQS"
          },
          "sensitive_attributes": [],
          "identity_schema_version": 0,
          "private": "eyJzY2hlbWFfdmVyc2lvbiI6IjEifQ==",
          "dependencies": [
            "aws_cloudwatch_event_rule.streams_uploaded",
            "aws_s3_bucket.raw",
            "aws_sqs_queue.pipeline_dlq",
            "aws_sqs_queue.pipeline_events"
          ]
        }
      ]
    },
    {
      "mode": "managed",
      "type": "aws_cloudwatch_log_group",
      "name": "glue_jobs",
      "provider": "provider[\"registry.terraform.io/hashicorp/aws\"]",
      "instances": [
        {
          "schema_version": 0,
          "attributes": {
            "arn": "arn:aws:logs:us-east-1:879584802537:log-group:/aws/glue/music-streaming",
            "id": "/aws/glue/music-streaming",
            "kms_key_id": "",
            "log_group_class": "STANDARD",
            "name": "/aws/glue/music-streaming",
            "name_prefix": "",
            "retention_in_days": 30,
            "skip_destroy": false,
            "tags": {
              "Usage": "Glue job execution logs"
            },
            "tags_all": {
              "Environment": "dev",
              "ManagedBy": "terraform",
              "Project": "music-streaming-pipeline",
              "Usage": "Glue job execution logs"
            }
          },
          "sensitive_attributes": [],
          "identity_schema_version": 0,
          "private": "bnVsbA=="
        }
      ]
    },
    {
      "mode": "managed",
      "type": "aws_cloudwatch_log_group",
      "name": "step_functions",
      "provider": "provider[\"registry.terraform.io/hashicorp/aws\"]",
      "instances": [
        {
          "schema_version": 0,
          "attributes": {
            "arn": "arn:aws:logs:us-east-1:879584802537:log-group:/aws/states/music-streaming",
            "id": "/aws/states/music-streaming",
            "kms_key_id": "",
            "log_group_class": "STANDARD",
            "name": "/aws/states/music-streaming",
            "name_prefix": "",
            "retention_in_days": 30,
            "skip_destroy": false,
            "tags": {
              "Usage": "Step Functions execution logs"
            },
            "tags_all": {
              "Environment": "dev",
              "ManagedBy": "terraform",
              "Project": "music-streaming-pipeline",
              "Usage": "Step Functions execution logs"
            }
          },
          "sensitive_attributes": [],
          "identity_schema_version": 0,
          "private": "bnVsbA=="
        }
      ]
    },
    {
      "mode": "managed",
      "type": "aws_dynamodb_table",
      "name": "genre_kpis",
      "provider": "provider[\"registry.terraform.io/hashicorp/aws\"]",
      "instances": [
        {
          "schema_version": 1,
          "attributes": {
            "arn": "arn:aws:dynamodb:us-east-1:879584802537:table/genre_kpis",
            "attribute": [
              {
                "name": "genre_date",
                "type": "S"
              }
            ],
            "billing_mode": "PAY_PER_REQUEST",
            "deletion_protection_enabled": false,
            "global_secondary_index": [],
            "hash_key": "genre_date",
            "id": "genre_kpis",
            "import_table": [],
            "local_secondary_index": [],
            "name": "genre_kpis",
            "on_demand_throughput": [],
            "point_in_time_recovery": [
              {
                "enabled": true,
                "recovery_period_in_days": 35
              }
            ],
            "range_key": null,
            "read_capacity": 0,
            "replica": [],
            "restore_date_time": null,
            "restore_source_name": null,
            "restore_source_table_arn": null,
            "restore_to_latest_time": null,
            "server_side_encryption": [],
            "stream_arn": "",
            "stream_enabled": false,
            "stream_label": "",
            "stream_view_type": "",
            "table_class": "STANDARD",
            "tags": {
              "Purpose": "Daily genre-level KPI metrics"
            },
            "tags_all": {
              "Environment": "dev",
              "ManagedBy": "terraform",
              "Project": "music-streaming-pipeline",
              "Purpose": "Daily genre-level KPI metrics"
            },
            "timeouts": null,
            "ttl": [
              {
                "attribute_name": "",
                "enabled": false
              }
            ],
            "write_capacity": 0
          },
          "sensitive_attributes": [],
          "identity_schema_version": 0,
          "private": "eyJlMmJmYjczMC1lY2FhLTExZTYtOGY4OC0zNDM2M2JjN2M0YzAiOnsiY3JlYXRlIjoxODAwMDAwMDAwMDAwLCJkZWxldGUiOjYwMDAwMDAwMDAwMCwidXBkYXRlIjozNjAwMDAwMDAwMDAwfSwic2NoZW1hX3ZlcnNpb24iOiIxIn0="
        }
      ]
    },
    {
      "mode": "managed",
      "type": "aws_dynamodb_table",
      "name": "top_genres",
      "provider": "provider[\"registry.terraform.io/hashicorp/aws\"]",
      "instances": [
        {
          "schema_version": 1,
          "attributes": {
            "arn": "arn:aws:dynamodb:us-east-1:879584802537:table/top_genres",
            "attribute": [
              {
                "name": "date",
                "type": "S"
              },
              {
                "name": "rank",
                "type": "N"
              }
            ],
            "billing_mode": "PAY_PER_REQUEST",
            "deletion_protection_enabled": false,
            "global_secondary_index": [],
            "hash_key": "date",
            "id": "top_genres",
            "import_table": [],
            "local_secondary_index": [],
            "name": "top_genres",
            "on_demand_throughput": [],
            "point_in_time_recovery": [
              {
                "enabled": true,
                "recovery_period_in_days": 35
              }
            ],
            "range_key": "rank",
            "read_capacity": 0,
            "replica": [],
            "restore_date_time": null,
            "restore_source_name": null,
            "restore_source_table_arn": null,
            "restore_to_latest_time": null,
            "server_side_encryption": [],
            "stream_arn": "",
            "stream_enabled": false,
            "stream_label": "",
            "stream_view_type": "",
            "table_class": "STANDARD",
            "tags": {
              "Purpose": "Top 5 genres globally per day"
            },
            "tags_all": {
              "Environment": "dev",
              "ManagedBy": "terraform",
              "Project": "music-streaming-pipeline",
              "Purpose": "Top 5 genres globally per day"
            },
            "timeouts": null,
            "ttl": [
              {
                "attribute_name": "",
                "enabled": false
              }
            ],
            "write_capacity": 0
          },
          "sensitive_attributes": [],
          "identity_schema_version": 0,
          "private": "eyJlMmJmYjczMC1lY2FhLTExZTYtOGY4OC0zNDM2M2JjN2M0YzAiOnsiY3JlYXRlIjoxODAwMDAwMDAwMDAwLCJkZWxldGUiOjYwMDAwMDAwMDAwMCwidXBkYXRlIjozNjAwMDAwMDAwMDAwfSwic2NoZW1hX3ZlcnNpb24iOiIxIn0="
        }
      ]
    },
    {
      "mode": "managed",
      "type": "aws_dynamodb_table",
      "name": "top_songs",
      "provider": "provider[\"registry.terraform.io/hashicorp/aws\"]",
      "instances": [
        {
          "schema_version": 1,
          "attributes": {
            "arn": "arn:aws:dynamodb:us-east-1:879584802537:table/top_songs",
            "attribute": [
              {
                "name": "genre_date",
                "type": "S"
              },
              {
                "name": "rank",
                "type": "N"
              }
            ],
            "billing_mode": "PAY_PER_REQUEST",
            "deletion_protection_enabled": false,
            "global_secondary_index": [],
            "hash_key": "genre_date",
            "id": "top_songs",
            "import_table": [],
            "local_secondary_index": [],
            "name": "top_songs",
            "on_demand_throughput": [],
            "point_in_time_recovery": [
              {
                "enabled": true,
                "recovery_period_in_days": 35
              }
            ],
            "range_key": "rank",
            "read_capacity": 0,
            "replica": [],
            "restore_date_time": null,
            "restore_source_name": null,
            "restore_source_table_arn": null,
            "restore_to_latest_time": null,
            "server_side_encryption": [],
            "stream_arn": "",
            "stream_enabled": false,
            "stream_label": "",
            "stream_view_type": "",
            "table_class": "STANDARD",
            "tags": {
              "Purpose": "Top 3 songs per genre per day"
            },
            "tags_all": {
              "Environment": "dev",
              "ManagedBy": "terraform",
              "Project": "music-streaming-pipeline",
              "Purpose": "Top 3 songs per genre per day"
            },
            "timeouts": null,
            "ttl": [
              {
                "attribute_name": "",
                "enabled": false
              }
            ],
            "write_capacity": 0
          },
          "sensitive_attributes": [],
          "identity_schema_version": 0,
          "private": "eyJlMmJmYjczMC1lY2FhLTExZTYtOGY4OC0zNDM2M2JjN2M0YzAiOnsiY3JlYXRlIjoxODAwMDAwMDAwMDAwLCJkZWxldGUiOjYwMDAwMDAwMDAwMCwidXBkYXRlIjozNjAwMDAwMDAwMDAwfSwic2NoZW1hX3ZlcnNpb24iOiIxIn0="
        }
      ]
    },
    {
      "mode": "managed",
      "type": "aws_glue_catalog_database",
      "name": "music_db",
      "provider": "provider[\"registry.terraform.io/hashicorp/aws\"]",
      "instances": [
        {
          "schema_version": 0,
          "attributes": {
            "arn": "arn:aws:glue:us-east-1:879584802537:database/music_streaming_db",
            "catalog_id": "879584802537",
            "create_table_default_permission": [
              {
                "permissions": [
                  "ALL"
                ],
                "principal": [
                  {
                    "data_lake_principal_identifier": "IAM_ALLOWED_PRINCIPALS"
                  }
                ]
              }
            ],
            "description": "Glue Data Catalog database for the music streaming pipeline",
            "federated_database": [],
            "id": "879584802537:music_streaming_db",
            "location_uri": "",
            "name": "music_streaming_db",
            "parameters": null,
            "tags": null,
            "tags_all": {
              "Environment": "dev",
              "ManagedBy": "terraform",
              "Project": "music-streaming-pipeline"
            },
            "target_database": []
          },
          "sensitive_attributes": [],
          "identity_schema_version": 0,
          "private": "bnVsbA=="
        }
      ]
    },
    {
      "mode": "managed",
      "type": "aws_glue_crawler",
      "name": "curated_crawler",
      "provider": "provider[\"registry.terraform.io/hashicorp/aws\"]",
      "instances": [
        {
          "schema_version": 0,
          "attributes": {
            "arn": "arn:aws:glue:us-east-1:879584802537:crawler/music-streaming-curated-crawler",
            "catalog_target": [],
            "classifiers": null,
            "configuration": "",
            "database_name": "music_streaming_db",
            "delta_target": [],
            "description": "Crawls curated S3 bucket to register new partitions for Athena",
            "dynamodb_target": [],
            "hudi_target": [],
            "iceberg_target": [],
            "id": "music-streaming-curated-crawler",
            "jdbc_target": [],
            "lake_formation_configuration": [
              {
                "account_id": "",
                "use_lake_formation_credentials": false
              }
            ],
            "lineage_configuration": [
              {
                "crawler_lineage_settings": "DISABLE"
              }
            ],
            "mongodb_target": [],
            "name": "music-streaming-curated-crawler",
            "recrawl_policy": [
              {
                "recrawl_behavior": "CRAWL_EVERYTHING"
              }
            ],
            "role": "glue-pipeline-role",
            "s3_target": [
              {
                "connection_name": "",
                "dlq_event_queue_arn": "",
                "event_queue_arn": "",
                "exclusions": null,
                "path": "s3://music-streaming-curated-dev/gold/",
                "sample_size": 0
              }
            ],
            "schedule": "",
            "schema_change_policy": [
              {
                "delete_behavior": "LOG",
                "update_behavior": "UPDATE_IN_DATABASE"
              }
            ],
            "security_configuration": "",
            "table_prefix": "",
            "tags": {
              "Usage": "Keeps Athena partition list up to date after KPI job runs"
            },
            "tags_all": {
              "Environment": "dev",
              "ManagedBy": "terraform",
              "Project": "music-streaming-pipeline",
              "Usage": "Keeps Athena partition list up to date after KPI job runs"
            }
          },
          "sensitive_attributes": [],
          "identity_schema_version": 0,
          "private": "bnVsbA==",
          "dependencies": [
            "aws_glue_catalog_database.music_db",
            "aws_iam_role.glue_role",
            "aws_s3_bucket.curated",
            "data.aws_iam_policy_document.glue_trust"
          ]
        }
      ]
    },
    {
      "mode": "managed",
      "type": "aws_glue_crawler",
      "name": "raw_crawler",
      "provider": "provider[\"registry.terraform.io/hashicorp/aws\"]",
      "instances": [
        {
          "schema_version": 0,
          "attributes": {
            "arn": "arn:aws:glue:us-east-1:879584802537:crawler/music-streaming-raw-crawler",
            "catalog_target": [],
            "classifiers": null,
            "configuration": "{\"Version\":1.0,\"CrawlerOutput\":{\"Partitions\":{\"AddOrUpdateBehavior\":\"InheritFromTable\"}}}",
            "database_name": "music_streaming_db",
            "delta_target": [],
            "description": "Crawls S3 raw bucket and registers schema in the Glue Data Catalog",
            "dynamodb_target": [],
            "hudi_target": [],
            "iceberg_target": [],
            "id": "music-streaming-raw-crawler",
            "jdbc_target": [],
            "lake_formation_configuration": [
              {
                "account_id": "",
                "use_lake_formation_credentials": false
              }
            ],
            "lineage_configuration": [
              {
                "crawler_lineage_settings": "DISABLE"
              }
            ],
            "mongodb_target": [],
            "name": "music-streaming-raw-crawler",
            "recrawl_policy": [
              {
                "recrawl_behavior": "CRAWL_EVERYTHING"
              }
            ],
            "role": "glue-pipeline-role",
            "s3_target": [
              {
                "connection_name": "",
                "dlq_event_queue_arn": "",
                "event_queue_arn": "",
                "exclusions": null,
                "path": "s3://music-streaming-raw-dev/songs/",
                "sample_size": 0
              },
              {
                "connection_name": "",
                "dlq_event_queue_arn": "",
                "event_queue_arn": "",
                "exclusions": null,
                "path": "s3://music-streaming-raw-dev/streams/",
                "sample_size": 0
              },
              {
                "connection_name": "",
                "dlq_event_queue_arn": "",
                "event_queue_arn": "",
                "exclusions": null,
                "path": "s3://music-streaming-raw-dev/users/",
                "sample_size": 0
              }
            ],
            "schedule": "",
            "schema_change_policy": [
              {
                "delete_behavior": "LOG",
                "update_behavior": "UPDATE_IN_DATABASE"
              }
            ],
            "security_configuration": "",
            "table_prefix": "",
            "tags": {
              "Usage": "Registers raw file schemas into Glue Data Catalog"
            },
            "tags_all": {
              "Environment": "dev",
              "ManagedBy": "terraform",
              "Project": "music-streaming-pipeline",
              "Usage": "Registers raw file schemas into Glue Data Catalog"
            }
          },
          "sensitive_attributes": [],
          "identity_schema_version": 0,
          "private": "bnVsbA==",
          "dependencies": [
            "aws_glue_catalog_database.music_db",
            "aws_iam_role.glue_role",
            "aws_s3_bucket.raw",
            "data.aws_iam_policy_document.glue_trust"
          ]
        }
      ]
    },
    {
      "mode": "managed",
      "type": "aws_glue_job",
      "name": "archive",
      "provider": "provider[\"registry.terraform.io/hashicorp/aws\"]",
      "instances": [
        {
          "schema_version": 0,
          "attributes": {
            "arn": "arn:aws:glue:us-east-1:879584802537:job/music-streaming-archive",
            "command": [
              {
                "name": "glueetl",
                "python_version": "3",
                "runtime": "",
                "script_location": "s3://music-streaming-curated-dev/scripts/archive_job.py"
              }
            ],
            "connections": null,
            "default_arguments": {
              "--TempDir": "s3://music-streaming-curated-dev/tmp/",
              "--archive_bucket": "music-streaming-archive-dev",
              "--aws_region": "us-east-1",
              "--continuous-log-logGroup": "/aws/glue/music-streaming",
              "--enable-continuous-cloudwatch-log": "true",
              "--enable-job-insights": "true",
              "--job-language": "python",
              "--raw_bucket": "music-streaming-raw-dev"
            },
            "description": "Copies processed raw stream files to the archive bucket and deletes originals",
            "execution_class": "",
            "execution_property": [
              {
                "max_concurrent_runs": 1
              }
            ],
            "glue_version": "4.0",
            "id": "music-streaming-archive",
            "job_run_queuing_enabled": false,
            "maintenance_window": "",
            "max_capacity": 2,
            "max_retries": 0,
            "name": "music-streaming-archive",
            "non_overridable_arguments": null,
            "notification_property": [],
            "number_of_workers": 2,
            "role_arn": "arn:aws:iam::879584802537:role/glue-pipeline-role",
            "security_configuration": "",
            "source_control_details": [],
            "tags": {
              "Pipeline": "music-streaming",
              "Step": "4-archive"
            },
            "tags_all": {
              "Environment": "dev",
              "ManagedBy": "terraform",
              "Pipeline": "music-streaming",
              "Project": "music-streaming-pipeline",
              "Step": "4-archive"
            },
            "timeout": 10,
            "worker_type": "G.1X"
          },
          "sensitive_attributes": [],
          "identity_schema_version": 0,
          "private": "bnVsbA==",
          "dependencies": [
            "aws_cloudwatch_log_group.glue_jobs",
            "aws_iam_role.glue_role",
            "aws_s3_bucket.archive",
            "aws_s3_bucket.curated",
            "aws_s3_bucket.raw",
            "aws_s3_object.script_archive",
            "data.aws_iam_policy_document.glue_trust"
          ]
        }
      ]
    },
    {
      "mode": "managed",
      "type": "aws_glue_job",
      "name": "dynamodb_loader",
      "provider": "provider[\"registry.terraform.io/hashicorp/aws\"]",
      "instances": [
        {
          "schema_version": 0,
          "attributes": {
            "arn": "arn:aws:glue:us-east-1:879584802537:job/music-streaming-dynamodb-loader",
            "command": [
              {
                "name": "glueetl",
                "python_version": "3",
                "runtime": "",
                "script_location": "s3://music-streaming-curated-dev/scripts/dynamodb_loader.py"
              }
            ],
            "connections": null,
            "default_arguments": {
              "--TempDir": "s3://music-streaming-curated-dev/tmp/",
              "--aws_region": "us-east-1",
              "--continuous-log-logGroup": "/aws/glue/music-streaming",
              "--curated_bucket": "music-streaming-curated-dev",
              "--enable-continuous-cloudwatch-log": "true",
              "--enable-job-insights": "true",
              "--job-language": "python"
            },
            "description": "Reads gold/ parquet files and loads them into the three DynamoDB tables",
            "execution_class": "",
            "execution_property": [
              {
                "max_concurrent_runs": 1
              }
            ],
            "glue_version": "4.0",
            "id": "music-streaming-dynamodb-loader",
            "job_run_queuing_enabled": false,
            "maintenance_window": "",
            "max_capacity": 2,
            "max_retries": 0,
            "name": "music-streaming-dynamodb-loader",
            "non_overridable_arguments": null,
            "notification_property": [],
            "number_of_workers": 2,
            "role_arn": "arn:aws:iam::879584802537:role/glue-pipeline-role",
            "security_configuration": "",
            "source_control_details": [],
            "tags": {
              "Pipeline": "music-streaming",
              "Step": "3-dynamodb-loader"
            },
            "tags_all": {
              "Environment": "dev",
              "ManagedBy": "terraform",
              "Pipeline": "music-streaming",
              "Project": "music-streaming-pipeline",
              "Step": "3-dynamodb-loader"
            },
            "timeout": 30,
            "worker_type": "G.1X"
          },
          "sensitive_attributes": [],
          "identity_schema_version": 0,
          "private": "bnVsbA==",
          "dependencies": [
            "aws_cloudwatch_log_group.glue_jobs",
            "aws_iam_role.glue_role",
            "aws_s3_bucket.curated",
            "aws_s3_object.script_dynamodb_loader",
            "data.aws_iam_policy_document.glue_trust"
          ]
        }
      ]
    },
    {
      "mode": "managed",
      "type": "aws_glue_job",
      "name": "etl_transform",
      "provider": "provider[\"registry.terraform.io/hashicorp/aws\"]",
      "instances": [
        {
          "schema_version": 0,
          "attributes": {
            "arn": "arn:aws:glue:us-east-1:879584802537:job/music-streaming-etl-transform",
            "command": [
              {
                "name": "glueetl",
                "python_version": "3",
                "runtime": "",
                "script_location": "s3://music-streaming-curated-dev/scripts/etl_transform_job.py"
              }
            ],
            "connections": null,
            "default_arguments": {
              "--TempDir": "s3://music-streaming-curated-dev/tmp/",
              "--continuous-log-logGroup": "/aws/glue/music-streaming",
              "--curated_bucket": "music-streaming-curated-dev",
              "--enable-continuous-cloudwatch-log": "true",
              "--enable-job-insights": "true",
              "--glue_database": "music_streaming_db",
              "--job-language": "python"
            },
            "description": "Joins streams+songs, computes genre KPIs, top songs, top genres — writes to gold/",
            "execution_class": "",
            "execution_property": [
              {
                "max_concurrent_runs": 1
              }
            ],
            "glue_version": "4.0",
            "id": "music-streaming-etl-transform",
            "job_run_queuing_enabled": false,
            "maintenance_window": "",
            "max_capacity": 2,
            "max_retries": 0,
            "name": "music-streaming-etl-transform",
            "non_overridable_arguments": null,
            "notification_property": [],
            "number_of_workers": 2,
            "role_arn": "arn:aws:iam::879584802537:role/glue-pipeline-role",
            "security_configuration": "",
            "source_control_details": [],
            "tags": {
              "Pipeline": "music-streaming",
              "Step": "2-etl-transform"
            },
            "tags_all": {
              "Environment": "dev",
              "ManagedBy": "terraform",
              "Pipeline": "music-streaming",
              "Project": "music-streaming-pipeline",
              "Step": "2-etl-transform"
            },
            "timeout": 30,
            "worker_type": "G.1X"
          },
          "sensitive_attributes": [],
          "identity_schema_version": 0,
          "private": "bnVsbA==",
          "dependencies": [
            "aws_cloudwatch_log_group.glue_jobs",
            "aws_iam_role.glue_role",
            "aws_s3_bucket.curated",
            "aws_s3_object.script_etl_transform",
            "data.aws_iam_policy_document.glue_trust"
          ]
        }
      ]
    },
    {
      "mode": "managed",
      "type": "aws_glue_job",
      "name": "kpi_aggregation",
      "provider": "provider[\"registry.terraform.io/hashicorp/aws\"]",
      "instances": [
        {
          "schema_version": 0,
          "attributes": {
            "arn": "arn:aws:glue:us-east-1:879584802537:job/music-streaming-kpi-aggregation",
            "command": [
              {
                "name": "glueetl",
                "python_version": "3",
                "runtime": "",
                "script_location": "s3://music-streaming-curated-dev/scripts/kpi_aggregation_job.py"
              }
            ],
            "connections": null,
            "default_arguments": {
              "--TempDir": "s3://music-streaming-curated-dev/tmp/",
              "--continuous-log-logGroup": "/aws/glue/music-streaming",
              "--curated_bucket": "music-streaming-curated-dev",
              "--enable-continuous-cloudwatch-log": "true",
              "--enable-job-insights": "true",
              "--job-language": "python"
            },
            "description": "Reads silver/enriched_streams parquet and computes KPIs — run standalone after enrichment",
            "execution_class": "",
            "execution_property": [
              {
                "max_concurrent_runs": 1
              }
            ],
            "glue_version": "4.0",
            "id": "music-streaming-kpi-aggregation",
            "job_run_queuing_enabled": false,
            "maintenance_window": "",
            "max_capacity": 2,
            "max_retries": 0,
            "name": "music-streaming-kpi-aggregation",
            "non_overridable_arguments": null,
            "notification_property": [],
            "number_of_workers": 2,
            "role_arn": "arn:aws:iam::879584802537:role/glue-pipeline-role",
            "security_configuration": "",
            "source_control_details": [],
            "tags": {
              "Pipeline": "music-streaming",
              "Step": "standalone-kpi-aggregation"
            },
            "tags_all": {
              "Environment": "dev",
              "ManagedBy": "terraform",
              "Pipeline": "music-streaming",
              "Project": "music-streaming-pipeline",
              "Step": "standalone-kpi-aggregation"
            },
            "timeout": 30,
            "worker_type": "G.1X"
          },
          "sensitive_attributes": [],
          "identity_schema_version": 0,
          "private": "bnVsbA==",
          "dependencies": [
            "aws_cloudwatch_log_group.glue_jobs",
            "aws_iam_role.glue_role",
            "aws_s3_bucket.curated",
            "aws_s3_object.script_kpi_aggregation",
            "data.aws_iam_policy_document.glue_trust"
          ]
        }
      ]
    },
    {
      "mode": "managed",
      "type": "aws_glue_job",
      "name": "validation",
      "provider": "provider[\"registry.terraform.io/hashicorp/aws\"]",
      "instances": [
        {
          "schema_version": 0,
          "attributes": {
            "arn": "arn:aws:glue:us-east-1:879584802537:job/music-streaming-validation",
            "command": [
              {
                "name": "glueetl",
                "python_version": "3",
                "runtime": "",
                "script_location": "s3://music-streaming-curated-dev/scripts/validation_job.py"
              }
            ],
            "connections": null,
            "default_arguments": {
              "--TempDir": "s3://music-streaming-curated-dev/tmp/",
              "--continuous-log-logGroup": "/aws/glue/music-streaming",
              "--enable-continuous-cloudwatch-log": "true",
              "--enable-job-insights": "true",
              "--glue_database": "music_streaming_db",
              "--job-language": "python"
            },
            "description": "Validates that raw catalog tables exist, are non-empty, and have required columns",
            "execution_class": "",
            "execution_property": [
              {
                "max_concurrent_runs": 1
              }
            ],
            "glue_version": "4.0",
            "id": "music-streaming-validation",
            "job_run_queuing_enabled": false,
            "maintenance_window": "",
            "max_capacity": 2,
            "max_retries": 0,
            "name": "music-streaming-validation",
            "non_overridable_arguments": null,
            "notification_property": [],
            "number_of_workers": 2,
            "role_arn": "arn:aws:iam::879584802537:role/glue-pipeline-role",
            "security_configuration": "",
            "source_control_details": [],
            "tags": {
              "Pipeline": "music-streaming",
              "Step": "1-validation"
            },
            "tags_all": {
              "Environment": "dev",
              "ManagedBy": "terraform",
              "Pipeline": "music-streaming",
              "Project": "music-streaming-pipeline",
              "Step": "1-validation"
            },
            "timeout": 10,
            "worker_type": "G.1X"
          },
          "sensitive_attributes": [],
          "identity_schema_version": 0,
          "private": "bnVsbA==",
          "dependencies": [
            "aws_cloudwatch_log_group.glue_jobs",
            "aws_iam_role.glue_role",
            "aws_s3_bucket.curated",
            "aws_s3_object.script_validation",
            "data.aws_iam_policy_document.glue_trust"
          ]
        }
      ]
    },
    {
      "mode": "managed",
      "type": "aws_glue_trigger",
      "name": "after_dynamodb_loader",
      "provider": "provider[\"registry.terraform.io/hashicorp/aws\"]",
      "instances": [
        {
          "schema_version": 0,
          "attributes": {
            "actions": [
              {
                "arguments": null,
                "crawler_name": "",
                "job_name": "music-streaming-archive",
                "notification_property": [],
                "security_configuration": "",
                "timeout": 0
              }
            ],
            "arn": "arn:aws:glue:us-east-1:879584802537:trigger/music-streaming-after-dynamodb-loader",
            "description": "Fires archive_job when dynamodb_loader succeeds",
            "enabled": true,
            "event_batching_condition": [],
            "id": "music-streaming-after-dynamodb-loader",
            "name": "music-streaming-after-dynamodb-loader",
            "predicate": [
              {
                "conditions": [
                  {
                    "crawl_state": "",
                    "crawler_name": "",
                    "job_name": "music-streaming-dynamodb-loader",
                    "logical_operator": "EQUALS",
                    "state": "SUCCEEDED"
                  }
                ],
                "logical": "AND"
              }
            ],
            "schedule": "",
            "start_on_creation": null,
            "state": "ACTIVATED",
            "tags": null,
            "tags_all": {
              "Environment": "dev",
              "ManagedBy": "terraform",
              "Project": "music-streaming-pipeline"
            },
            "timeouts": null,
            "type": "CONDITIONAL",
            "workflow_name": "music-streaming-pipeline"
          },
          "sensitive_attributes": [],
          "identity_schema_version": 0,
          "private": "eyJlMmJmYjczMC1lY2FhLTExZTYtOGY4OC0zNDM2M2JjN2M0YzAiOnsiY3JlYXRlIjozMDAwMDAwMDAwMDAsImRlbGV0ZSI6MzAwMDAwMDAwMDAwLCJ1cGRhdGUiOjMwMDAwMDAwMDAwMH19",
          "dependencies": [
            "aws_cloudwatch_log_group.glue_jobs",
            "aws_glue_job.archive",
            "aws_glue_job.dynamodb_loader",
            "aws_glue_workflow.pipeline",
            "aws_iam_role.glue_role",
            "aws_s3_bucket.archive",
            "aws_s3_bucket.curated",
            "aws_s3_bucket.raw",
            "aws_s3_object.script_archive",
            "aws_s3_object.script_dynamodb_loader",
            "data.aws_iam_policy_document.glue_trust"
          ]
        }
      ]
    },
    {
      "mode": "managed",
      "type": "aws_glue_trigger",
      "name": "after_etl_transform",
      "provider": "provider[\"registry.terraform.io/hashicorp/aws\"]",
      "instances": [
        {
          "schema_version": 0,
          "attributes": {
            "actions": [
              {
                "arguments": null,
                "crawler_name": "",
                "job_name": "music-streaming-kpi-aggregation",
                "notification_property": [],
                "security_configuration": "",
                "timeout": 0
              }
            ],
            "arn": "arn:aws:glue:us-east-1:879584802537:trigger/music-streaming-after-etl-transform",
            "description": "Fires kpi_aggregation_job when etl_transform_job (bronze→silver) succeeds",
            "enabled": true,
            "event_batching_condition": [],
            "id": "music-streaming-after-etl-transform",
            "name": "music-streaming-after-etl-transform",
            "predicate": [
              {
                "conditions": [
                  {
                    "crawl_state": "",
                    "crawler_name": "",
                    "job_name": "music-streaming-etl-transform",
                    "logical_operator": "EQUALS",
                    "state": "SUCCEEDED"
                  }
                ],
                "logical": "AND"
              }
            ],
            "schedule": "",
            "start_on_creation": null,
            "state": "ACTIVATED",
            "tags": null,
            "tags_all": {
              "Environment": "dev",
              "ManagedBy": "terraform",
              "Project": "music-streaming-pipeline"
            },
            "timeouts": null,
            "type": "CONDITIONAL",
            "workflow_name": "music-streaming-pipeline"
          },
          "sensitive_attributes": [],
          "identity_schema_version": 0,
          "private": "eyJlMmJmYjczMC1lY2FhLTExZTYtOGY4OC0zNDM2M2JjN2M0YzAiOnsiY3JlYXRlIjozMDAwMDAwMDAwMDAsImRlbGV0ZSI6MzAwMDAwMDAwMDAwLCJ1cGRhdGUiOjMwMDAwMDAwMDAwMH19",
          "dependencies": [
            "aws_cloudwatch_log_group.glue_jobs",
            "aws_glue_job.etl_transform",
            "aws_glue_job.kpi_aggregation",
            "aws_glue_workflow.pipeline",
            "aws_iam_role.glue_role",
            "aws_s3_bucket.curated",
            "aws_s3_object.script_etl_transform",
            "aws_s3_object.script_kpi_aggregation",
            "data.aws_iam_policy_document.glue_trust"
          ]
        }
      ]
    },
    {
      "mode": "managed",
      "type": "aws_glue_trigger",
      "name": "after_kpi_aggregation",
      "provider": "provider[\"registry.terraform.io/hashicorp/aws\"]",
      "instances": [
        {
          "schema_version": 0,
          "attributes": {
            "actions": [
              {
                "arguments": null,
                "crawler_name": "",
                "job_name": "music-streaming-dynamodb-loader",
                "notification_property": [],
                "security_configuration": "",
                "timeout": 0
              }
            ],
            "arn": "arn:aws:glue:us-east-1:879584802537:trigger/music-streaming-after-kpi-aggregation",
            "description": "Fires dynamodb_loader when kpi_aggregation_job (silver→gold) succeeds",
            "enabled": true,
            "event_batching_condition": [],
            "id": "music-streaming-after-kpi-aggregation",
            "name": "music-streaming-after-kpi-aggregation",
            "predicate": [
              {
                "conditions": [
                  {
                    "crawl_state": "",
                    "crawler_name": "",
                    "job_name": "music-streaming-kpi-aggregation",
                    "logical_operator": "EQUALS",
                    "state": "SUCCEEDED"
                  }
                ],
                "logical": "AND"
              }
            ],
            "schedule": "",
            "start_on_creation": null,
            "state": "ACTIVATED",
            "tags": null,
            "tags_all": {
              "Environment": "dev",
              "ManagedBy": "terraform",
              "Project": "music-streaming-pipeline"
            },
            "timeouts": null,
            "type": "CONDITIONAL",
            "workflow_name": "music-streaming-pipeline"
          },
          "sensitive_attributes": [],
          "identity_schema_version": 0,
          "private": "eyJlMmJmYjczMC1lY2FhLTExZTYtOGY4OC0zNDM2M2JjN2M0YzAiOnsiY3JlYXRlIjozMDAwMDAwMDAwMDAsImRlbGV0ZSI6MzAwMDAwMDAwMDAwLCJ1cGRhdGUiOjMwMDAwMDAwMDAwMH19",
          "dependencies": [
            "aws_cloudwatch_log_group.glue_jobs",
            "aws_glue_job.dynamodb_loader",
            "aws_glue_job.kpi_aggregation",
            "aws_glue_workflow.pipeline",
            "aws_iam_role.glue_role",
            "aws_s3_bucket.curated",
            "aws_s3_object.script_dynamodb_loader",
            "aws_s3_object.script_kpi_aggregation",
            "data.aws_iam_policy_document.glue_trust"
          ]
        }
      ]
    },
    {
      "mode": "managed",
      "type": "aws_glue_trigger",
      "name": "after_validation",
      "provider": "provider[\"registry.terraform.io/hashicorp/aws\"]",
      "instances": [
        {
          "schema_version": 0,
          "attributes": {
            "actions": [
              {
                "arguments": null,
                "crawler_name": "",
                "job_name": "music-streaming-etl-transform",
                "notification_property": [],
                "security_configuration": "",
                "timeout": 0
              }
            ],
            "arn": "arn:aws:glue:us-east-1:879584802537:trigger/music-streaming-after-validation",
            "description": "Fires etl_transform_job when validation_job succeeds",
            "enabled": true,
            "event_batching_condition": [],
            "id": "music-streaming-after-validation",
            "name": "music-streaming-after-validation",
            "predicate": [
              {
                "conditions": [
                  {
                    "crawl_state": "",
                    "crawler_name": "",
                    "job_name": "music-streaming-validation",
                    "logical_operator": "EQUALS",
                    "state": "SUCCEEDED"
                  }
                ],
                "logical": "AND"
              }
            ],
            "schedule": "",
            "start_on_creation": null,
            "state": "ACTIVATED",
            "tags": null,
            "tags_all": {
              "Environment": "dev",
              "ManagedBy": "terraform",
              "Project": "music-streaming-pipeline"
            },
            "timeouts": null,
            "type": "CONDITIONAL",
            "workflow_name": "music-streaming-pipeline"
          },
          "sensitive_attributes": [],
          "identity_schema_version": 0,
          "private": "eyJlMmJmYjczMC1lY2FhLTExZTYtOGY4OC0zNDM2M2JjN2M0YzAiOnsiY3JlYXRlIjozMDAwMDAwMDAwMDAsImRlbGV0ZSI6MzAwMDAwMDAwMDAwLCJ1cGRhdGUiOjMwMDAwMDAwMDAwMH19",
          "dependencies": [
            "aws_cloudwatch_log_group.glue_jobs",
            "aws_glue_job.etl_transform",
            "aws_glue_job.validation",
            "aws_glue_workflow.pipeline",
            "aws_iam_role.glue_role",
            "aws_s3_bucket.curated",
            "aws_s3_object.script_etl_transform",
            "aws_s3_object.script_validation",
            "data.aws_iam_policy_document.glue_trust"
          ]
        }
      ]
    },
    {
      "mode": "managed",
      "type": "aws_glue_trigger",
      "name": "start",
      "provider": "provider[\"registry.terraform.io/hashicorp/aws\"]",
      "instances": [
        {
          "schema_version": 0,
          "attributes": {
            "actions": [
              {
                "arguments": null,
                "crawler_name": "",
                "job_name": "music-streaming-validation",
                "notification_property": [],
                "security_configuration": "",
                "timeout": 0
              }
            ],
            "arn": "arn:aws:glue:us-east-1:879584802537:trigger/music-streaming-start",
            "description": "On-demand start — kicks off the validation job",
            "enabled": true,
            "event_batching_condition": [],
            "id": "music-streaming-start",
            "name": "music-streaming-start",
            "predicate": [],
            "schedule": "",
            "start_on_creation": null,
            "state": "CREATED",
            "tags": null,
            "tags_all": {
              "Environment": "dev",
              "ManagedBy": "terraform",
              "Project": "music-streaming-pipeline"
            },
            "timeouts": null,
            "type": "ON_DEMAND",
            "workflow_name": "music-streaming-pipeline"
          },
          "sensitive_attributes": [],
          "identity_schema_version": 0,
          "private": "eyJlMmJmYjczMC1lY2FhLTExZTYtOGY4OC0zNDM2M2JjN2M0YzAiOnsiY3JlYXRlIjozMDAwMDAwMDAwMDAsImRlbGV0ZSI6MzAwMDAwMDAwMDAwLCJ1cGRhdGUiOjMwMDAwMDAwMDAwMH19",
          "dependencies": [
            "aws_cloudwatch_log_group.glue_jobs",
            "aws_glue_job.validation",
            "aws_glue_workflow.pipeline",
            "aws_iam_role.glue_role",
            "aws_s3_bucket.curated",
            "aws_s3_object.script_validation",
            "data.aws_iam_policy_document.glue_trust"
          ]
        }
      ]
    },
    {
      "mode": "managed",
      "type": "aws_glue_workflow",
      "name": "pipeline",
      "provider": "provider[\"registry.terraform.io/hashicorp/aws\"]",
      "instances": [
        {
          "schema_version": 0,
          "attributes": {
            "arn": "arn:aws:glue:us-east-1:879584802537:workflow/music-streaming-pipeline",
            "default_run_properties": null,
            "description": "Orchestrates the music streaming ETL: validate → bronze→silver → silver→gold → load → archive",
            "id": "music-streaming-pipeline",
            "max_concurrent_runs": 0,
            "name": "music-streaming-pipeline",
            "tags": {
              "Pipeline": "music-streaming"
            },
            "tags_all": {
              "Environment": "dev",
              "ManagedBy": "terraform",
              "Pipeline": "music-streaming",
              "Project": "music-streaming-pipeline"
            }
          },
          "sensitive_attributes": [],
          "identity_schema_version": 0,
          "private": "bnVsbA=="
        }
      ]
    },
    {
      "mode": "managed",
      "type": "aws_iam_role",
      "name": "glue_role",
      "provider": "provider[\"registry.terraform.io/hashicorp/aws\"]",
      "instances": [
        {
          "schema_version": 0,
          "attributes": {
            "arn": "arn:aws:iam::879584802537:role/glue-pipeline-role",
            "assume_role_policy": "{\"Statement\":[{\"Action\":\"sts:AssumeRole\",\"Effect\":\"Allow\",\"Principal\":{\"Service\":\"glue.amazonaws.com\"}}],\"Version\":\"2012-10-17\"}",
            "create_date": "2026-05-25T22:21:10Z",
            "description": "IAM role used by all Glue jobs in the music streaming pipeline",
            "force_detach_policies": false,
            "id": "glue-pipeline-role",
            "inline_policy": [],
            "managed_policy_arns": [],
            "max_session_duration": 3600,
            "name": "glue-pipeline-role",
            "name_prefix": "",
            "path": "/",
            "permissions_boundary": "",
            "tags": null,
            "tags_all": {
              "Environment": "dev",
              "ManagedBy": "terraform",
              "Project": "music-streaming-pipeline"
            },
            "unique_id": "AROA4ZS2W63URUPA6TCP3"
          },
          "sensitive_attributes": [],
          "identity_schema_version": 0,
          "private": "bnVsbA==",
          "dependencies": [
            "data.aws_iam_policy_document.glue_trust"
          ]
        }
      ]
    },
    {
      "mode": "managed",
      "type": "aws_iam_role",
      "name": "pipes_role",
      "provider": "provider[\"registry.terraform.io/hashicorp/aws\"]",
      "instances": [
        {
          "schema_version": 0,
          "attributes": {
            "arn": "arn:aws:iam::879584802537:role/music-streaming-pipes-role",
            "assume_role_policy": "{\"Statement\":[{\"Action\":\"sts:AssumeRole\",\"Condition\":{\"StringEquals\":{\"aws:SourceAccount\":\"879584802537\"}},\"Effect\":\"Allow\",\"Principal\":{\"Service\":\"pipes.amazonaws.com\"}}],\"Version\":\"2012-10-17\"}",
            "create_date": "2026-05-25T22:21:10Z",
            "description": "IAM role assumed by EventBridge Pipes to poll SQS and start Step Functions",
            "force_detach_policies": false,
            "id": "music-streaming-pipes-role",
            "inline_policy": [],
            "managed_policy_arns": [],
            "max_session_duration": 3600,
            "name": "music-streaming-pipes-role",
            "name_prefix": "",
            "path": "/",
            "permissions_boundary": "",
            "tags": null,
            "tags_all": {
              "Environment": "dev",
              "ManagedBy": "terraform",
              "Project": "music-streaming-pipeline"
            },
            "unique_id": "AROA4ZS2W63URBK3WPUEM"
          },
          "sensitive_attributes": [],
          "identity_schema_version": 0,
          "private": "bnVsbA==",
          "dependencies": [
            "data.aws_caller_identity.current",
            "data.aws_iam_policy_document.pipes_trust"
          ]
        }
      ]
    },
    {
      "mode": "managed",
      "type": "aws_iam_role",
      "name": "sfn_role",
      "provider": "provider[\"registry.terraform.io/hashicorp/aws\"]",
      "instances": [
        {
          "schema_version": 0,
          "attributes": {
            "arn": "arn:aws:iam::879584802537:role/music-streaming-sfn-role",
            "assume_role_policy": "{\"Statement\":[{\"Action\":\"sts:AssumeRole\",\"Effect\":\"Allow\",\"Principal\":{\"Service\":\"states.amazonaws.com\"}}],\"Version\":\"2012-10-17\"}",
            "create_date": "2026-05-25T22:21:11Z",
            "description": "IAM role assumed by the Step Functions state machine",
            "force_detach_policies": false,
            "id": "music-streaming-sfn-role",
            "inline_policy": [],
            "managed_policy_arns": [],
            "max_session_duration": 3600,
            "name": "music-streaming-sfn-role",
            "name_prefix": "",
            "path": "/",
            "permissions_boundary": "",
            "tags": null,
            "tags_all": {
              "Environment": "dev",
              "ManagedBy": "terraform",
              "Project": "music-streaming-pipeline"
            },
            "unique_id": "AROA4ZS2W63U5BFZYO4FZ"
          },
          "sensitive_attributes": [],
          "identity_schema_version": 0,
          "private": "bnVsbA==",
          "dependencies": [
            "data.aws_iam_policy_document.sfn_trust"
          ]
        }
      ]
    },
    {
      "mode": "managed",
      "type": "aws_iam_role_policy",
      "name": "pipes_permissions",
      "provider": "provider[\"registry.terraform.io/hashicorp/aws\"]",
      "instances": [
        {
          "schema_version": 0,
          "attributes": {
            "id": "music-streaming-pipes-role:music-streaming-pipes-permissions",
            "name": "music-streaming-pipes-permissions",
            "name_prefix": "",
            "policy": "{\"Version\":\"2012-10-17\",\"Statement\":[{\"Action\":[\"sqs:ReceiveMessage\",\"sqs:GetQueueAttributes\",\"sqs:DeleteMessage\"],\"Effect\":\"Allow\",\"Resource\":\"arn:aws:sqs:us-east-1:879584802537:music-streaming-pipeline-events\",\"Sid\":\"SqsConsume\"},{\"Action\":\"states:StartExecution\",\"Effect\":\"Allow\",\"Resource\":\"arn:aws:states:us-east-1:879584802537:stateMachine:music-streaming-pipeline\",\"Sid\":\"StartExecution\"}]}",
            "role": "music-streaming-pipes-role"
          },
          "sensitive_attributes": [],
          "identity_schema_version": 0,
          "private": "bnVsbA==",
          "dependencies": [
            "aws_cloudwatch_log_group.glue_jobs",
            "aws_cloudwatch_log_group.step_functions",
            "aws_glue_catalog_database.music_db",
            "aws_glue_crawler.raw_crawler",
            "aws_glue_job.archive",
            "aws_glue_job.dynamodb_loader",
            "aws_glue_job.etl_transform",
            "aws_glue_job.kpi_aggregation",
            "aws_glue_job.validation",
            "aws_iam_role.glue_role",
            "aws_iam_role.pipes_role",
            "aws_iam_role.sfn_role",
            "aws_s3_bucket.archive",
            "aws_s3_bucket.curated",
            "aws_s3_bucket.raw",
            "aws_s3_object.script_archive",
            "aws_s3_object.script_dynamodb_loader",
            "aws_s3_object.script_etl_transform",
            "aws_s3_object.script_kpi_aggregation",
            "aws_s3_object.script_validation",
            "aws_sfn_state_machine.pipeline",
            "aws_sns_topic.pipeline_alerts",
            "aws_sqs_queue.pipeline_dlq",
            "aws_sqs_queue.pipeline_events",
            "data.aws_caller_identity.current",
            "data.aws_iam_policy_document.glue_trust",
            "data.aws_iam_policy_document.pipes_permissions",
            "data.aws_iam_policy_document.pipes_trust",
            "data.aws_iam_policy_document.sfn_trust"
          ]
        }
      ]
    },
    {
      "mode": "managed",
      "type": "aws_iam_role_policy",
      "name": "sfn_permissions",
      "provider": "provider[\"registry.terraform.io/hashicorp/aws\"]",
      "instances": [
        {
          "schema_version": 0,
          "attributes": {
            "id": "music-streaming-sfn-role:music-streaming-sfn-permissions",
            "name": "music-streaming-sfn-permissions",
            "name_prefix": "",
            "policy": "{\"Version\":\"2012-10-17\",\"Statement\":[{\"Action\":[\"glue:StartJobRun\",\"glue:GetJobRuns\",\"glue:GetJobRun\",\"glue:BatchStopJobRun\"],\"Effect\":\"Allow\",\"Resource\":\"*\",\"Sid\":\"GlueJobControl\"},{\"Action\":[\"glue:StartCrawler\",\"glue:GetCrawler\"],\"Effect\":\"Allow\",\"Resource\":\"*\",\"Sid\":\"GlueCrawlerControl\"},{\"Action\":\"sns:Publish\",\"Effect\":\"Allow\",\"Resource\":\"arn:aws:sns:us-east-1:879584802537:music-streaming-pipeline-alerts\",\"Sid\":\"SnsPublish\"},{\"Action\":[\"logs:UpdateLogDelivery\",\"logs:PutResourcePolicy\",\"logs:ListLogDeliveries\",\"logs:GetLogDelivery\",\"logs:DescribeResourcePolicies\",\"logs:DescribeLogGroups\",\"logs:DeleteLogDelivery\",\"logs:CreateLogDelivery\"],\"Effect\":\"Allow\",\"Resource\":\"*\",\"Sid\":\"CloudWatchLogs\"},{\"Action\":[\"xray:PutTraceSegments\",\"xray:PutTelemetryRecords\",\"xray:GetSamplingTargets\",\"xray:GetSamplingRules\"],\"Effect\":\"Allow\",\"Resource\":\"*\",\"Sid\":\"XRayTracing\"}]}",
            "role": "music-streaming-sfn-role"
          },
          "sensitive_attributes": [],
          "identity_schema_version": 0,
          "private": "bnVsbA==",
          "dependencies": [
            "aws_iam_role.sfn_role",
            "aws_sns_topic.pipeline_alerts",
            "data.aws_iam_policy_document.sfn_permissions",
            "data.aws_iam_policy_document.sfn_trust"
          ]
        }
      ]
    },
    {
      "mode": "managed",
      "type": "aws_iam_role_policy_attachment",
      "name": "cloudwatch_full",
      "provider": "provider[\"registry.terraform.io/hashicorp/aws\"]",
      "instances": [
        {
          "schema_version": 0,
          "attributes": {
            "id": "glue-pipeline-role-20260525221813424300000003",
            "policy_arn": "arn:aws:iam::aws:policy/CloudWatchLogsFullAccess",
            "role": "glue-pipeline-role"
          },
          "sensitive_attributes": [],
          "identity_schema_version": 0,
          "private": "bnVsbA==",
          "dependencies": [
            "aws_iam_role.glue_role",
            "data.aws_iam_policy_document.glue_trust"
          ]
        }
      ]
    },
    {
      "mode": "managed",
      "type": "aws_iam_role_policy_attachment",
      "name": "dynamodb_full",
      "provider": "provider[\"registry.terraform.io/hashicorp/aws\"]",
      "instances": [
        {
          "schema_version": 0,
          "attributes": {
            "id": "glue-pipeline-role-20260525221813483800000004",
            "policy_arn": "arn:aws:iam::aws:policy/AmazonDynamoDBFullAccess",
            "role": "glue-pipeline-role"
          },
          "sensitive_attributes": [],
          "identity_schema_version": 0,
          "private": "bnVsbA==",
          "dependencies": [
            "aws_iam_role.glue_role",
            "data.aws_iam_policy_document.glue_trust"
          ]
        }
      ]
    },
    {
      "mode": "managed",
      "type": "aws_iam_role_policy_attachment",
      "name": "glue_service",
      "provider": "provider[\"registry.terraform.io/hashicorp/aws\"]",
      "instances": [
        {
          "schema_version": 0,
          "attributes": {
            "id": "glue-pipeline-role-20260525221812873500000001",
            "policy_arn": "arn:aws:iam::aws:policy/service-role/AWSGlueServiceRole",
            "role": "glue-pipeline-role"
          },
          "sensitive_attributes": [],
          "identity_schema_version": 0,
          "private": "bnVsbA==",
          "dependencies": [
            "aws_iam_role.glue_role",
            "data.aws_iam_policy_document.glue_trust"
          ]
        }
      ]
    },
    {
      "mode": "managed",
      "type": "aws_iam_role_policy_attachment",
      "name": "s3_full",
      "provider": "provider[\"registry.terraform.io/hashicorp/aws\"]",
      "instances": [
        {
          "schema_version": 0,
          "attributes": {
            "id": "glue-pipeline-role-20260525221813157300000002",
            "policy_arn": "arn:aws:iam::aws:policy/AmazonS3FullAccess",
            "role": "glue-pipeline-role"
          },
          "sensitive_attributes": [],
          "identity_schema_version": 0,
          "private": "bnVsbA==",
          "dependencies": [
            "aws_iam_role.glue_role",
            "data.aws_iam_policy_document.glue_trust"
          ]
        }
      ]
    },
    {
      "mode": "managed",
      "type": "aws_pipes_pipe",
      "name": "sqs_to_sfn",
      "provider": "provider[\"registry.terraform.io/hashicorp/aws\"]",
      "instances": [
        {
          "schema_version": 0,
          "attributes": {
            "arn": "arn:aws:pipes:us-east-1:879584802537:pipe/music-streaming-sqs-to-sfn",
            "description": "Polls SQS for S3 events and starts the Step Functions pipeline execution",
            "desired_state": "RUNNING",
            "enrichment": "",
            "enrichment_parameters": [],
            "id": "music-streaming-sqs-to-sfn",
            "kms_key_identifier": "",
            "log_configuration": [],
            "name": "music-streaming-sqs-to-sfn",
            "name_prefix": "",
            "role_arn": "arn:aws:iam::879584802537:role/music-streaming-pipes-role",
            "source": "arn:aws:sqs:us-east-1:879584802537:music-streaming-pipeline-events",
            "source_parameters": [
              {
                "activemq_broker_parameters": [],
                "dynamodb_stream_parameters": [],
                "filter_criteria": [],
                "kinesis_stream_parameters": [],
                "managed_streaming_kafka_parameters": [],
                "rabbitmq_broker_parameters": [],
                "self_managed_kafka_parameters": [],
                "sqs_queue_parameters": [
                  {
                    "batch_size": 1,
                    "maximum_batching_window_in_seconds": 0
                  }
                ]
              }
            ],
            "tags": {
              "Purpose": "Connects S3 upload events to Step Functions pipeline trigger"
            },
            "tags_all": {
              "Environment": "dev",
              "ManagedBy": "terraform",
              "Project": "music-streaming-pipeline",
              "Purpose": "Connects S3 upload events to Step Functions pipeline trigger"
            },
            "target": "arn:aws:states:us-east-1:879584802537:stateMachine:music-streaming-pipeline",
            "target_parameters": [
              {
                "batch_job_parameters": [],
                "cloudwatch_logs_parameters": [],
                "ecs_task_parameters": [],
                "eventbridge_event_bus_parameters": [],
                "http_parameters": [],
                "input_template": "{}",
                "kinesis_stream_parameters": [],
                "lambda_function_parameters": [],
                "redshift_data_parameters": [],
                "sagemaker_pipeline_parameters": [],
                "sqs_queue_parameters": [],
                "step_function_state_machine_parameters": [
                  {
                    "invocation_type": "FIRE_AND_FORGET"
                  }
                ]
              }
            ],
            "timeouts": null
          },
          "sensitive_attributes": [],
          "identity_schema_version": 0,
          "private": "eyJlMmJmYjczMC1lY2FhLTExZTYtOGY4OC0zNDM2M2JjN2M0YzAiOnsiY3JlYXRlIjoxODAwMDAwMDAwMDAwLCJkZWxldGUiOjE4MDAwMDAwMDAwMDAsInVwZGF0ZSI6MTgwMDAwMDAwMDAwMH19",
          "dependencies": [
            "aws_cloudwatch_event_rule.streams_uploaded",
            "aws_cloudwatch_event_target.sqs_target",
            "aws_cloudwatch_log_group.glue_jobs",
            "aws_cloudwatch_log_group.step_functions",
            "aws_glue_catalog_database.music_db",
            "aws_glue_crawler.raw_crawler",
            "aws_glue_job.archive",
            "aws_glue_job.dynamodb_loader",
            "aws_glue_job.etl_transform",
            "aws_glue_job.kpi_aggregation",
            "aws_glue_job.validation",
            "aws_iam_role.glue_role",
            "aws_iam_role.pipes_role",
            "aws_iam_role.sfn_role",
            "aws_iam_role_policy.pipes_permissions",
            "aws_s3_bucket.archive",
            "aws_s3_bucket.curated",
            "aws_s3_bucket.raw",
            "aws_s3_object.script_archive",
            "aws_s3_object.script_dynamodb_loader",
            "aws_s3_object.script_etl_transform",
            "aws_s3_object.script_kpi_aggregation",
            "aws_s3_object.script_validation",
            "aws_sfn_state_machine.pipeline",
            "aws_sns_topic.pipeline_alerts",
            "aws_sqs_queue.pipeline_dlq",
            "aws_sqs_queue.pipeline_events",
            "aws_sqs_queue_policy.pipeline_events",
            "data.aws_caller_identity.current",
            "data.aws_iam_policy_document.glue_trust",
            "data.aws_iam_policy_document.pipes_permissions",
            "data.aws_iam_policy_document.pipes_trust",
            "data.aws_iam_policy_document.sfn_trust"
          ]
        }
      ]
    },
    {
      "mode": "managed",
      "type": "aws_s3_bucket",
      "name": "archive",
      "provider": "provider[\"registry.terraform.io/hashicorp/aws\"]",
      "instances": [
        {
          "schema_version": 0,
          "attributes": {
            "acceleration_status": "",
            "acl": null,
            "arn": "arn:aws:s3:::music-streaming-archive-dev",
            "bucket": "music-streaming-archive-dev",
            "bucket_domain_name": "music-streaming-archive-dev.s3.amazonaws.com",
            "bucket_prefix": "",
            "bucket_regional_domain_name": "music-streaming-archive-dev.s3.us-east-1.amazonaws.com",
            "cors_rule": [],
            "force_destroy": true,
            "grant": [
              {
                "id": "ab882893ea9ae9df506a3c30ee877a22d73c0a7970dceb52adec08a10c653311",
                "permissions": [
                  "FULL_CONTROL"
                ],
                "type": "CanonicalUser",
                "uri": ""
              }
            ],
            "hosted_zone_id": "Z3AQBSTGFYJSTF",
            "id": "music-streaming-archive-dev",
            "lifecycle_rule": [],
            "logging": [],
            "object_lock_configuration": [],
            "object_lock_enabled": false,
            "policy": "",
            "region": "us-east-1",
            "replication_configuration": [],
            "request_payer": "BucketOwner",
            "server_side_encryption_configuration": [
              {
                "rule": [
                  {
                    "apply_server_side_encryption_by_default": [
                      {
                        "kms_master_key_id": "",
                        "sse_algorithm": "AES256"
                      }
                    ],
                    "bucket_key_enabled": false
                  }
                ]
              }
            ],
            "tags": {
              "Layer": "archive",
              "Usage": "Processed files moved here to prevent reprocessing"
            },
            "tags_all": {
              "Environment": "dev",
              "Layer": "archive",
              "ManagedBy": "terraform",
              "Project": "music-streaming-pipeline",
              "Usage": "Processed files moved here to prevent reprocessing"
            },
            "timeouts": null,
            "versioning": [
              {
                "enabled": false,
                "mfa_delete": false
              }
            ],
            "website": [],
            "website_domain": null,
            "website_endpoint": null
          },
          "sensitive_attributes": [],
          "identity_schema_version": 0,
          "private": "eyJlMmJmYjczMC1lY2FhLTExZTYtOGY4OC0zNDM2M2JjN2M0YzAiOnsiY3JlYXRlIjoxMjAwMDAwMDAwMDAwLCJkZWxldGUiOjM2MDAwMDAwMDAwMDAsInJlYWQiOjEyMDAwMDAwMDAwMDAsInVwZGF0ZSI6MTIwMDAwMDAwMDAwMH19"
        }
      ]
    },
    {
      "mode": "managed",
      "type": "aws_s3_bucket",
      "name": "curated",
      "provider": "provider[\"registry.terraform.io/hashicorp/aws\"]",
      "instances": [
        {
          "schema_version": 0,
          "attributes": {
            "acceleration_status": "",
            "acl": null,
            "arn": "arn:aws:s3:::music-streaming-curated-dev",
            "bucket": "music-streaming-curated-dev",
            "bucket_domain_name": "music-streaming-curated-dev.s3.amazonaws.com",
            "bucket_prefix": "",
            "bucket_regional_domain_name": "music-streaming-curated-dev.s3.us-east-1.amazonaws.com",
            "cors_rule": [],
            "force_destroy": true,
            "grant": [
              {
                "id": "ab882893ea9ae9df506a3c30ee877a22d73c0a7970dceb52adec08a10c653311",
                "permissions": [
                  "FULL_CONTROL"
                ],
                "type": "CanonicalUser",
                "uri": ""
              }
            ],
            "hosted_zone_id": "Z3AQBSTGFYJSTF",
            "id": "music-streaming-curated-dev",
            "lifecycle_rule": [],
            "logging": [],
            "object_lock_configuration": [],
            "object_lock_enabled": false,
            "policy": "",
            "region": "us-east-1",
            "replication_configuration": [],
            "request_payer": "BucketOwner",
            "server_side_encryption_configuration": [
              {
                "rule": [
                  {
                    "apply_server_side_encryption_by_default": [
                      {
                        "kms_master_key_id": "",
                        "sse_algorithm": "AES256"
                      }
                    ],
                    "bucket_key_enabled": false
                  }
                ]
              }
            ],
            "tags": {
              "Layer": "silver-gold",
              "Usage": "Cleansed and aggregated KPI data"
            },
            "tags_all": {
              "Environment": "dev",
              "Layer": "silver-gold",
              "ManagedBy": "terraform",
              "Project": "music-streaming-pipeline",
              "Usage": "Cleansed and aggregated KPI data"
            },
            "timeouts": null,
            "versioning": [
              {
                "enabled": false,
                "mfa_delete": false
              }
            ],
            "website": [],
            "website_domain": null,
            "website_endpoint": null
          },
          "sensitive_attributes": [],
          "identity_schema_version": 0,
          "private": "eyJlMmJmYjczMC1lY2FhLTExZTYtOGY4OC0zNDM2M2JjN2M0YzAiOnsiY3JlYXRlIjoxMjAwMDAwMDAwMDAwLCJkZWxldGUiOjM2MDAwMDAwMDAwMDAsInJlYWQiOjEyMDAwMDAwMDAwMDAsInVwZGF0ZSI6MTIwMDAwMDAwMDAwMH19"
        }
      ]
    },
    {
      "mode": "managed",
      "type": "aws_s3_bucket",
      "name": "raw",
      "provider": "provider[\"registry.terraform.io/hashicorp/aws\"]",
      "instances": [
        {
          "schema_version": 0,
          "attributes": {
            "acceleration_status": "",
            "acl": null,
            "arn": "arn:aws:s3:::music-streaming-raw-dev",
            "bucket": "music-streaming-raw-dev",
            "bucket_domain_name": "music-streaming-raw-dev.s3.amazonaws.com",
            "bucket_prefix": "",
            "bucket_regional_domain_name": "music-streaming-raw-dev.s3.us-east-1.amazonaws.com",
            "cors_rule": [],
            "force_destroy": true,
            "grant": [
              {
                "id": "ab882893ea9ae9df506a3c30ee877a22d73c0a7970dceb52adec08a10c653311",
                "permissions": [
                  "FULL_CONTROL"
                ],
                "type": "CanonicalUser",
                "uri": ""
              }
            ],
            "hosted_zone_id": "Z3AQBSTGFYJSTF",
            "id": "music-streaming-raw-dev",
            "lifecycle_rule": [],
            "logging": [],
            "object_lock_configuration": [],
            "object_lock_enabled": false,
            "policy": "",
            "region": "us-east-1",
            "replication_configuration": [],
            "request_payer": "BucketOwner",
            "server_side_encryption_configuration": [
              {
                "rule": [
                  {
                    "apply_server_side_encryption_by_default": [
                      {
                        "kms_master_key_id": "",
                        "sse_algorithm": "AES256"
                      }
                    ],
                    "bucket_key_enabled": false
                  }
                ]
              }
            ],
            "tags": {
              "Layer": "bronze",
              "Usage": "Incoming raw streaming event files"
            },
            "tags_all": {
              "Environment": "dev",
              "Layer": "bronze",
              "ManagedBy": "terraform",
              "Project": "music-streaming-pipeline",
              "Usage": "Incoming raw streaming event files"
            },
            "timeouts": null,
            "versioning": [
              {
                "enabled": false,
                "mfa_delete": false
              }
            ],
            "website": [],
            "website_domain": null,
            "website_endpoint": null
          },
          "sensitive_attributes": [],
          "identity_schema_version": 0,
          "private": "eyJlMmJmYjczMC1lY2FhLTExZTYtOGY4OC0zNDM2M2JjN2M0YzAiOnsiY3JlYXRlIjoxMjAwMDAwMDAwMDAwLCJkZWxldGUiOjM2MDAwMDAwMDAwMDAsInJlYWQiOjEyMDAwMDAwMDAwMDAsInVwZGF0ZSI6MTIwMDAwMDAwMDAwMH19"
        }
      ]
    },
    {
      "mode": "managed",
      "type": "aws_s3_bucket_lifecycle_configuration",
      "name": "archive",
      "provider": "provider[\"registry.terraform.io/hashicorp/aws\"]",
      "instances": [
        {
          "schema_version": 1,
          "attributes": {
            "bucket": "music-streaming-archive-dev",
            "expected_bucket_owner": "",
            "id": "music-streaming-archive-dev",
            "rule": [
              {
                "abort_incomplete_multipart_upload": [],
                "expiration": [],
                "filter": [],
                "id": "move-to-glacier",
                "noncurrent_version_expiration": [],
                "noncurrent_version_transition": [],
                "prefix": "",
                "status": "Enabled",
                "transition": [
                  {
                    "date": null,
                    "days": 90,
                    "storage_class": "GLACIER"
                  }
                ]
              }
            ],
            "timeouts": null,
            "transition_default_minimum_object_size": "all_storage_classes_128K"
          },
          "sensitive_attributes": [],
          "identity_schema_version": 0,
          "dependencies": [
            "aws_s3_bucket.archive"
          ]
        }
      ]
    },
    {
      "mode": "managed",
      "type": "aws_s3_bucket_notification",
      "name": "raw_eventbridge",
      "provider": "provider[\"registry.terraform.io/hashicorp/aws\"]",
      "instances": [
        {
          "schema_version": 0,
          "attributes": {
            "bucket": "music-streaming-raw-dev",
            "eventbridge": true,
            "id": "music-streaming-raw-dev",
            "lambda_function": [],
            "queue": [],
            "topic": []
          },
          "sensitive_attributes": [],
          "identity_schema_version": 0,
          "private": "bnVsbA==",
          "dependencies": [
            "aws_s3_bucket.raw"
          ]
        }
      ]
    },
    {
      "mode": "managed",
      "type": "aws_s3_bucket_server_side_encryption_configuration",
      "name": "archive",
      "provider": "provider[\"registry.terraform.io/hashicorp/aws\"]",
      "instances": [
        {
          "schema_version": 0,
          "attributes": {
            "bucket": "music-streaming-archive-dev",
            "expected_bucket_owner": "",
            "id": "music-streaming-archive-dev",
            "rule": [
              {
                "apply_server_side_encryption_by_default": [
                  {
                    "kms_master_key_id": "",
                    "sse_algorithm": "AES256"
                  }
                ],
                "bucket_key_enabled": null
              }
            ]
          },
          "sensitive_attributes": [],
          "identity_schema_version": 0,
          "private": "bnVsbA==",
          "dependencies": [
            "aws_s3_bucket.archive"
          ]
        }
      ]
    },
    {
      "mode": "managed",
      "type": "aws_s3_bucket_server_side_encryption_configuration",
      "name": "curated",
      "provider": "provider[\"registry.terraform.io/hashicorp/aws\"]",
      "instances": [
        {
          "schema_version": 0,
          "attributes": {
            "bucket": "music-streaming-curated-dev",
            "expected_bucket_owner": "",
            "id": "music-streaming-curated-dev",
            "rule": [
              {
                "apply_server_side_encryption_by_default": [
                  {
                    "kms_master_key_id": "",
                    "sse_algorithm": "AES256"
                  }
                ],
                "bucket_key_enabled": null
              }
            ]
          },
          "sensitive_attributes": [],
          "identity_schema_version": 0,
          "private": "bnVsbA==",
          "dependencies": [
            "aws_s3_bucket.curated"
          ]
        }
      ]
    },
    {
      "mode": "managed",
      "type": "aws_s3_bucket_server_side_encryption_configuration",
      "name": "raw",
      "provider": "provider[\"registry.terraform.io/hashicorp/aws\"]",
      "instances": [
        {
          "schema_version": 0,
          "attributes": {
            "bucket": "music-streaming-raw-dev",
            "expected_bucket_owner": "",
            "id": "music-streaming-raw-dev",
            "rule": [
              {
                "apply_server_side_encryption_by_default": [
                  {
                    "kms_master_key_id": "",
                    "sse_algorithm": "AES256"
                  }
                ],
                "bucket_key_enabled": null
              }
            ]
          },
          "sensitive_attributes": [],
          "identity_schema_version": 0,
          "private": "bnVsbA==",
          "dependencies": [
            "aws_s3_bucket.raw"
          ]
        }
      ]
    },
    {
      "mode": "managed",
      "type": "aws_s3_bucket_versioning",
      "name": "curated",
      "provider": "provider[\"registry.terraform.io/hashicorp/aws\"]",
      "instances": [
        {
          "schema_version": 0,
          "attributes": {
            "bucket": "music-streaming-curated-dev",
            "expected_bucket_owner": "",
            "id": "music-streaming-curated-dev",
            "mfa": null,
            "versioning_configuration": [
              {
                "mfa_delete": "",
                "status": "Enabled"
              }
            ]
          },
          "sensitive_attributes": [],
          "identity_schema_version": 0,
          "private": "bnVsbA==",
          "dependencies": [
            "aws_s3_bucket.curated"
          ]
        }
      ]
    },
    {
      "mode": "managed",
      "type": "aws_s3_bucket_versioning",
      "name": "raw",
      "provider": "provider[\"registry.terraform.io/hashicorp/aws\"]",
      "instances": [
        {
          "schema_version": 0,
          "attributes": {
            "bucket": "music-streaming-raw-dev",
            "expected_bucket_owner": "",
            "id": "music-streaming-raw-dev",
            "mfa": null,
            "versioning_configuration": [
              {
                "mfa_delete": "",
                "status": "Enabled"
              }
            ]
          },
          "sensitive_attributes": [],
          "identity_schema_version": 0,
          "private": "bnVsbA==",
          "dependencies": [
            "aws_s3_bucket.raw"
          ]
        }
      ]
    },
    {
      "mode": "managed",
      "type": "aws_s3_object",
      "name": "gold_folder",
      "provider": "provider[\"registry.terraform.io/hashicorp/aws\"]",
      "instances": [
        {
          "schema_version": 0,
          "attributes": {
            "acl": null,
            "arn": "arn:aws:s3:::music-streaming-curated-dev/gold/",
            "bucket": "music-streaming-curated-dev",
            "bucket_key_enabled": false,
            "cache_control": "",
            "checksum_algorithm": null,
            "checksum_crc32": "",
            "checksum_crc32c": "",
            "checksum_crc64nvme": "",
            "checksum_sha1": "",
            "checksum_sha256": "",
            "content": "",
            "content_base64": null,
            "content_disposition": "",
            "content_encoding": "",
            "content_language": "",
            "content_type": "application/octet-stream",
            "etag": "d41d8cd98f00b204e9800998ecf8427e",
            "force_destroy": false,
            "id": "gold/",
            "key": "gold/",
            "kms_key_id": null,
            "metadata": null,
            "object_lock_legal_hold_status": "",
            "object_lock_mode": "",
            "object_lock_retain_until_date": "",
            "override_provider": [],
            "server_side_encryption": "AES256",
            "source": null,
            "source_hash": null,
            "storage_class": "STANDARD",
            "tags": null,
            "tags_all": {
              "Environment": "dev",
              "ManagedBy": "terraform",
              "Project": "music-streaming-pipeline"
            },
            "version_id": "2THPrplXkI9r3IKEx8W31nFrofzTdvxe",
            "website_redirect": ""
          },
          "sensitive_attributes": [],
          "identity_schema_version": 0,
          "private": "bnVsbA==",
          "dependencies": [
            "aws_s3_bucket.curated"
          ]
        }
      ]
    },
    {
      "mode": "managed",
      "type": "aws_s3_object",
      "name": "script_archive",
      "provider": "provider[\"registry.terraform.io/hashicorp/aws\"]",
      "instances": [
        {
          "schema_version": 0,
          "attributes": {
            "acl": null,
            "arn": "arn:aws:s3:::music-streaming-curated-dev/scripts/archive_job.py",
            "bucket": "music-streaming-curated-dev",
            "bucket_key_enabled": false,
            "cache_control": "",
            "checksum_algorithm": null,
            "checksum_crc32": "",
            "checksum_crc32c": "",
            "checksum_crc64nvme": "",
            "checksum_sha1": "",
            "checksum_sha256": "",
            "content": null,
            "content_base64": null,
            "content_disposition": "",
            "content_encoding": "",
            "content_language": "",
            "content_type": "application/octet-stream",
            "etag": "47382fe16650722e795398259c425b40",
            "force_destroy": false,
            "id": "scripts/archive_job.py",
            "key": "scripts/archive_job.py",
            "kms_key_id": null,
            "metadata": null,
            "object_lock_legal_hold_status": "",
            "object_lock_mode": "",
            "object_lock_retain_until_date": "",
            "override_provider": [],
            "server_side_encryption": "AES256",
            "source": "./../glue_jobs/archive_job.py",
            "source_hash": null,
            "storage_class": "STANDARD",
            "tags": null,
            "tags_all": {
              "Environment": "dev",
              "ManagedBy": "terraform",
              "Project": "music-streaming-pipeline"
            },
            "version_id": "",
            "website_redirect": ""
          },
          "sensitive_attributes": [],
          "identity_schema_version": 0,
          "private": "bnVsbA==",
          "dependencies": [
            "aws_s3_bucket.curated"
          ]
        }
      ]
    },
    {
      "mode": "managed",
      "type": "aws_s3_object",
      "name": "script_dynamodb_loader",
      "provider": "provider[\"registry.terraform.io/hashicorp/aws\"]",
      "instances": [
        {
          "schema_version": 0,
          "attributes": {
            "acl": null,
            "arn": "arn:aws:s3:::music-streaming-curated-dev/scripts/dynamodb_loader.py",
            "bucket": "music-streaming-curated-dev",
            "bucket_key_enabled": false,
            "cache_control": "",
            "checksum_algorithm": null,
            "checksum_crc32": "",
            "checksum_crc32c": "",
            "checksum_crc64nvme": "",
            "checksum_sha1": "",
            "checksum_sha256": "",
            "content": null,
            "content_base64": null,
            "content_disposition": "",
            "content_encoding": "",
            "content_language": "",
            "content_type": "application/octet-stream",
            "etag": "3203b8fc47c3dc400941854ee32039f6",
            "force_destroy": false,
            "id": "scripts/dynamodb_loader.py",
            "key": "scripts/dynamodb_loader.py",
            "kms_key_id": null,
            "metadata": null,
            "object_lock_legal_hold_status": "",
            "object_lock_mode": "",
            "object_lock_retain_until_date": "",
            "override_provider": [],
            "server_side_encryption": "AES256",
            "source": "./../glue_jobs/dynamodb_loader.py",
            "source_hash": null,
            "storage_class": "STANDARD",
            "tags": null,
            "tags_all": {
              "Environment": "dev",
              "ManagedBy": "terraform",
              "Project": "music-streaming-pipeline"
            },
            "version_id": "ANyZIyrRkkb5yFJ7PfC70ydEvfoQ5PgQ",
            "website_redirect": ""
          },
          "sensitive_attributes": [],
          "identity_schema_version": 0,
          "private": "bnVsbA==",
          "dependencies": [
            "aws_s3_bucket.curated"
          ]
        }
      ]
    },
    {
      "mode": "managed",
      "type": "aws_s3_object",
      "name": "script_etl_transform",
      "provider": "provider[\"registry.terraform.io/hashicorp/aws\"]",
      "instances": [
        {
          "schema_version": 0,
          "attributes": {
            "acl": null,
            "arn": "arn:aws:s3:::music-streaming-curated-dev/scripts/etl_transform_job.py",
            "bucket": "music-streaming-curated-dev",
            "bucket_key_enabled": false,
            "cache_control": "",
            "checksum_algorithm": null,
            "checksum_crc32": "",
            "checksum_crc32c": "",
            "checksum_crc64nvme": "",
            "checksum_sha1": "",
            "checksum_sha256": "",
            "content": null,
            "content_base64": null,
            "content_disposition": "",
            "content_encoding": "",
            "content_language": "",
            "content_type": "application/octet-stream",
            "etag": "d632ecf86b8ea07fe4848efed18caa08",
            "force_destroy": false,
            "id": "scripts/etl_transform_job.py",
            "key": "scripts/etl_transform_job.py",
            "kms_key_id": null,
            "metadata": null,
            "object_lock_legal_hold_status": "",
            "object_lock_mode": "",
            "object_lock_retain_until_date": "",
            "override_provider": [],
            "server_side_encryption": "AES256",
            "source": "./../glue_jobs/etl_transform_job.py",
            "source_hash": null,
            "storage_class": "STANDARD",
            "tags": null,
            "tags_all": {
              "Environment": "dev",
              "ManagedBy": "terraform",
              "Project": "music-streaming-pipeline"
            },
            "version_id": "",
            "website_redirect": ""
          },
          "sensitive_attributes": [],
          "identity_schema_version": 0,
          "private": "bnVsbA==",
          "dependencies": [
            "aws_s3_bucket.curated"
          ]
        }
      ]
    },
    {
      "mode": "managed",
      "type": "aws_s3_object",
      "name": "script_kpi_aggregation",
      "provider": "provider[\"registry.terraform.io/hashicorp/aws\"]",
      "instances": [
        {
          "schema_version": 0,
          "attributes": {
            "acl": null,
            "arn": "arn:aws:s3:::music-streaming-curated-dev/scripts/kpi_aggregation_job.py",
            "bucket": "music-streaming-curated-dev",
            "bucket_key_enabled": false,
            "cache_control": "",
            "checksum_algorithm": null,
            "checksum_crc32": "",
            "checksum_crc32c": "",
            "checksum_crc64nvme": "",
            "checksum_sha1": "",
            "checksum_sha256": "",
            "content": null,
            "content_base64": null,
            "content_disposition": "",
            "content_encoding": "",
            "content_language": "",
            "content_type": "application/octet-stream",
            "etag": "aa0647e6d4a1e99e2e833513833fc03b",
            "force_destroy": false,
            "id": "scripts/kpi_aggregation_job.py",
            "key": "scripts/kpi_aggregation_job.py",
            "kms_key_id": null,
            "metadata": null,
            "object_lock_legal_hold_status": "",
            "object_lock_mode": "",
            "object_lock_retain_until_date": "",
            "override_provider": [],
            "server_side_encryption": "AES256",
            "source": "./../glue_jobs/kpi_aggregation_job.py",
            "source_hash": null,
            "storage_class": "STANDARD",
            "tags": null,
            "tags_all": {
              "Environment": "dev",
              "ManagedBy": "terraform",
              "Project": "music-streaming-pipeline"
            },
            "version_id": "Thr32KyIzPsCEV8qVa9toFiRKYcxugFr",
            "website_redirect": ""
          },
          "sensitive_attributes": [],
          "identity_schema_version": 0,
          "private": "bnVsbA==",
          "dependencies": [
            "aws_s3_bucket.curated"
          ]
        }
      ]
    },
    {
      "mode": "managed",
      "type": "aws_s3_object",
      "name": "script_validation",
      "provider": "provider[\"registry.terraform.io/hashicorp/aws\"]",
      "instances": [
        {
          "schema_version": 0,
          "attributes": {
            "acl": null,
            "arn": "arn:aws:s3:::music-streaming-curated-dev/scripts/validation_job.py",
            "bucket": "music-streaming-curated-dev",
            "bucket_key_enabled": false,
            "cache_control": "",
            "checksum_algorithm": null,
            "checksum_crc32": "",
            "checksum_crc32c": "",
            "checksum_crc64nvme": "",
            "checksum_sha1": "",
            "checksum_sha256": "",
            "content": null,
            "content_base64": null,
            "content_disposition": "",
            "content_encoding": "",
            "content_language": "",
            "content_type": "application/octet-stream",
            "etag": "c549cf91b04ce4b6d3b1c969f74ede17",
            "force_destroy": false,
            "id": "scripts/validation_job.py",
            "key": "scripts/validation_job.py",
            "kms_key_id": null,
            "metadata": null,
            "object_lock_legal_hold_status": "",
            "object_lock_mode": "",
            "object_lock_retain_until_date": "",
            "override_provider": [],
            "server_side_encryption": "AES256",
            "source": "./../glue_jobs/validation_job.py",
            "source_hash": null,
            "storage_class": "STANDARD",
            "tags": null,
            "tags_all": {
              "Environment": "dev",
              "ManagedBy": "terraform",
              "Project": "music-streaming-pipeline"
            },
            "version_id": "",
            "website_redirect": ""
          },
          "sensitive_attributes": [],
          "identity_schema_version": 0,
          "private": "bnVsbA==",
          "dependencies": [
            "aws_s3_bucket.curated"
          ]
        }
      ]
    },
    {
      "mode": "managed",
      "type": "aws_s3_object",
      "name": "silver_folder",
      "provider": "provider[\"registry.terraform.io/hashicorp/aws\"]",
      "instances": [
        {
          "schema_version": 0,
          "attributes": {
            "acl": null,
            "arn": "arn:aws:s3:::music-streaming-curated-dev/silver/",
            "bucket": "music-streaming-curated-dev",
            "bucket_key_enabled": false,
            "cache_control": "",
            "checksum_algorithm": null,
            "checksum_crc32": "",
            "checksum_crc32c": "",
            "checksum_crc64nvme": "",
            "checksum_sha1": "",
            "checksum_sha256": "",
            "content": "",
            "content_base64": null,
            "content_disposition": "",
            "content_encoding": "",
            "content_language": "",
            "content_type": "application/octet-stream",
            "etag": "d41d8cd98f00b204e9800998ecf8427e",
            "force_destroy": false,
            "id": "silver/",
            "key": "silver/",
            "kms_key_id": null,
            "metadata": null,
            "object_lock_legal_hold_status": "",
            "object_lock_mode": "",
            "object_lock_retain_until_date": "",
            "override_provider": [],
            "server_side_encryption": "AES256",
            "source": null,
            "source_hash": null,
            "storage_class": "STANDARD",
            "tags": null,
            "tags_all": {
              "Environment": "dev",
              "ManagedBy": "terraform",
              "Project": "music-streaming-pipeline"
            },
            "version_id": "",
            "website_redirect": ""
          },
          "sensitive_attributes": [],
          "identity_schema_version": 0,
          "private": "bnVsbA==",
          "dependencies": [
            "aws_s3_bucket.curated"
          ]
        }
      ]
    },
    {
      "mode": "managed",
      "type": "aws_s3_object",
      "name": "songs_data",
      "provider": "provider[\"registry.terraform.io/hashicorp/aws\"]",
      "instances": [
        {
          "schema_version": 0,
          "attributes": {
            "acl": null,
            "arn": "arn:aws:s3:::music-streaming-raw-dev/songs/songs.csv",
            "bucket": "music-streaming-raw-dev",
            "bucket_key_enabled": false,
            "cache_control": "",
            "checksum_algorithm": null,
            "checksum_crc32": "",
            "checksum_crc32c": "",
            "checksum_crc64nvme": "",
            "checksum_sha1": "",
            "checksum_sha256": "",
            "content": null,
            "content_base64": null,
            "content_disposition": "",
            "content_encoding": "",
            "content_language": "",
            "content_type": "binary/octet-stream",
            "etag": "fdd68c1e206b1cfea7b2e6d510f36c81-4",
            "force_destroy": false,
            "id": "songs/songs.csv",
            "key": "songs/songs.csv",
            "kms_key_id": null,
            "metadata": null,
            "object_lock_legal_hold_status": "",
            "object_lock_mode": "",
            "object_lock_retain_until_date": "",
            "override_provider": [],
            "server_side_encryption": "AES256",
            "source": "./../data/songs/songs.csv",
            "source_hash": null,
            "storage_class": "STANDARD",
            "tags": {
              "Layer": "bronze"
            },
            "tags_all": {
              "Environment": "dev",
              "Layer": "bronze",
              "ManagedBy": "terraform",
              "Project": "music-streaming-pipeline"
            },
            "version_id": "null",
            "website_redirect": ""
          },
          "sensitive_attributes": [],
          "identity_schema_version": 0,
          "private": "bnVsbA==",
          "dependencies": [
            "aws_s3_bucket.raw"
          ]
        }
      ]
    },
    {
      "mode": "managed",
      "type": "aws_s3_object",
      "name": "songs_folder",
      "provider": "provider[\"registry.terraform.io/hashicorp/aws\"]",
      "instances": [
        {
          "schema_version": 0,
          "attributes": {
            "acl": null,
            "arn": "arn:aws:s3:::music-streaming-raw-dev/songs/",
            "bucket": "music-streaming-raw-dev",
            "bucket_key_enabled": false,
            "cache_control": "",
            "checksum_algorithm": null,
            "checksum_crc32": "",
            "checksum_crc32c": "",
            "checksum_crc64nvme": "",
            "checksum_sha1": "",
            "checksum_sha256": "",
            "content": "",
            "content_base64": null,
            "content_disposition": "",
            "content_encoding": "",
            "content_language": "",
            "content_type": "application/octet-stream",
            "etag": "d41d8cd98f00b204e9800998ecf8427e",
            "force_destroy": false,
            "id": "songs/",
            "key": "songs/",
            "kms_key_id": null,
            "metadata": null,
            "object_lock_legal_hold_status": "",
            "object_lock_mode": "",
            "object_lock_retain_until_date": "",
            "override_provider": [],
            "server_side_encryption": "AES256",
            "source": null,
            "source_hash": null,
            "storage_class": "STANDARD",
            "tags": null,
            "tags_all": {
              "Environment": "dev",
              "ManagedBy": "terraform",
              "Project": "music-streaming-pipeline"
            },
            "version_id": "u5SwqIFSj_r7n2_2XHatrau.7RAPgSrm",
            "website_redirect": ""
          },
          "sensitive_attributes": [],
          "identity_schema_version": 0,
          "private": "bnVsbA==",
          "dependencies": [
            "aws_cloudwatch_event_rule.streams_uploaded",
            "aws_cloudwatch_event_target.sqs_target",
            "aws_cloudwatch_log_group.glue_jobs",
            "aws_cloudwatch_log_group.step_functions",
            "aws_glue_catalog_database.music_db",
            "aws_glue_crawler.raw_crawler",
            "aws_glue_job.archive",
            "aws_glue_job.dynamodb_loader",
            "aws_glue_job.etl_transform",
            "aws_glue_job.kpi_aggregation",
            "aws_glue_job.validation",
            "aws_iam_role.glue_role",
            "aws_iam_role.pipes_role",
            "aws_iam_role.sfn_role",
            "aws_iam_role_policy.pipes_permissions",
            "aws_pipes_pipe.sqs_to_sfn",
            "aws_s3_bucket.archive",
            "aws_s3_bucket.curated",
            "aws_s3_bucket.raw",
            "aws_s3_object.script_archive",
            "aws_s3_object.script_dynamodb_loader",
            "aws_s3_object.script_etl_transform",
            "aws_s3_object.script_kpi_aggregation",
            "aws_s3_object.script_validation",
            "aws_sfn_state_machine.pipeline",
            "aws_sns_topic.pipeline_alerts",
            "aws_sqs_queue.pipeline_dlq",
            "aws_sqs_queue.pipeline_events",
            "aws_sqs_queue_policy.pipeline_events",
            "data.aws_caller_identity.current",
            "data.aws_iam_policy_document.glue_trust",
            "data.aws_iam_policy_document.pipes_permissions",
            "data.aws_iam_policy_document.pipes_trust",
            "data.aws_iam_policy_document.sfn_trust"
          ]
        }
      ]
    },
    {
      "mode": "managed",
      "type": "aws_s3_object",
      "name": "streams1_data",
      "provider": "provider[\"registry.terraform.io/hashicorp/aws\"]",
      "instances": [
        {
          "schema_version": 0,
          "attributes": {
            "acl": null,
            "arn": "arn:aws:s3:::music-streaming-raw-dev/streams/streams1.csv",
            "bucket": "music-streaming-raw-dev",
            "bucket_key_enabled": false,
            "cache_control": "",
            "checksum_algorithm": null,
            "checksum_crc32": "",
            "checksum_crc32c": "",
            "checksum_crc64nvme": "",
            "checksum_sha1": "",
            "checksum_sha256": "",
            "content": null,
            "content_base64": null,
            "content_disposition": "",
            "content_encoding": "",
            "content_language": "",
            "content_type": "application/octet-stream",
            "etag": "bcb0d35a32058225cfea3f4886ba8640",
            "force_destroy": false,
            "id": "streams/streams1.csv",
            "key": "streams/streams1.csv",
            "kms_key_id": null,
            "metadata": null,
            "object_lock_legal_hold_status": "",
            "object_lock_mode": "",
            "object_lock_retain_until_date": "",
            "override_provider": [],
            "server_side_encryption": "AES256",
            "source": "./../data/streams/streams1.csv",
            "source_hash": null,
            "storage_class": "STANDARD",
            "tags": {
              "Layer": "bronze"
            },
            "tags_all": {
              "Environment": "dev",
              "Layer": "bronze",
              "ManagedBy": "terraform",
              "Project": "music-streaming-pipeline"
            },
            "version_id": "D2TsN7G1SVAMKOFwOcM8Imz.g4087S70",
            "website_redirect": ""
          },
          "sensitive_attributes": [],
          "identity_schema_version": 0,
          "private": "bnVsbA==",
          "dependencies": [
            "aws_cloudwatch_event_rule.streams_uploaded",
            "aws_cloudwatch_event_target.sqs_target",
            "aws_cloudwatch_log_group.glue_jobs",
            "aws_cloudwatch_log_group.step_functions",
            "aws_glue_catalog_database.music_db",
            "aws_glue_crawler.raw_crawler",
            "aws_glue_job.archive",
            "aws_glue_job.dynamodb_loader",
            "aws_glue_job.etl_transform",
            "aws_glue_job.kpi_aggregation",
            "aws_glue_job.validation",
            "aws_iam_role.glue_role",
            "aws_iam_role.pipes_role",
            "aws_iam_role.sfn_role",
            "aws_iam_role_policy.pipes_permissions",
            "aws_pipes_pipe.sqs_to_sfn",
            "aws_s3_bucket.archive",
            "aws_s3_bucket.curated",
            "aws_s3_bucket.raw",
            "aws_s3_object.script_archive",
            "aws_s3_object.script_dynamodb_loader",
            "aws_s3_object.script_etl_transform",
            "aws_s3_object.script_kpi_aggregation",
            "aws_s3_object.script_validation",
            "aws_s3_object.streams_folder",
            "aws_sfn_state_machine.pipeline",
            "aws_sns_topic.pipeline_alerts",
            "aws_sqs_queue.pipeline_dlq",
            "aws_sqs_queue.pipeline_events",
            "aws_sqs_queue_policy.pipeline_events",
            "data.aws_caller_identity.current",
            "data.aws_iam_policy_document.glue_trust",
            "data.aws_iam_policy_document.pipes_permissions",
            "data.aws_iam_policy_document.pipes_trust",
            "data.aws_iam_policy_document.sfn_trust"
          ]
        }
      ]
    },
    {
      "mode": "managed",
      "type": "aws_s3_object",
      "name": "streams2_data",
      "provider": "provider[\"registry.terraform.io/hashicorp/aws\"]",
      "instances": [
        {
          "schema_version": 0,
          "attributes": {
            "acl": null,
            "arn": "arn:aws:s3:::music-streaming-raw-dev/streams/streams2.csv",
            "bucket": "music-streaming-raw-dev",
            "bucket_key_enabled": false,
            "cache_control": "",
            "checksum_algorithm": null,
            "checksum_crc32": "",
            "checksum_crc32c": "",
            "checksum_crc64nvme": "",
            "checksum_sha1": "",
            "checksum_sha256": "",
            "content": null,
            "content_base64": null,
            "content_disposition": "",
            "content_encoding": "",
            "content_language": "",
            "content_type": "application/octet-stream",
            "etag": "97153722da21fca69781f20f29c086ec",
            "force_destroy": false,
            "id": "streams/streams2.csv",
            "key": "streams/streams2.csv",
            "kms_key_id": null,
            "metadata": null,
            "object_lock_legal_hold_status": "",
            "object_lock_mode": "",
            "object_lock_retain_until_date": "",
            "override_provider": [],
            "server_side_encryption": "AES256",
            "source": "./../data/streams/streams2.csv",
            "source_hash": null,
            "storage_class": "STANDARD",
            "tags": {
              "Layer": "bronze"
            },
            "tags_all": {
              "Environment": "dev",
              "Layer": "bronze",
              "ManagedBy": "terraform",
              "Project": "music-streaming-pipeline"
            },
            "version_id": "3k8D7Yquf0vUgmbBYrO4Q2ZO2Y_ZAWUF",
            "website_redirect": ""
          },
          "sensitive_attributes": [],
          "identity_schema_version": 0,
          "private": "bnVsbA==",
          "dependencies": [
            "aws_cloudwatch_event_rule.streams_uploaded",
            "aws_cloudwatch_event_target.sqs_target",
            "aws_cloudwatch_log_group.glue_jobs",
            "aws_cloudwatch_log_group.step_functions",
            "aws_glue_catalog_database.music_db",
            "aws_glue_crawler.raw_crawler",
            "aws_glue_job.archive",
            "aws_glue_job.dynamodb_loader",
            "aws_glue_job.etl_transform",
            "aws_glue_job.kpi_aggregation",
            "aws_glue_job.validation",
            "aws_iam_role.glue_role",
            "aws_iam_role.pipes_role",
            "aws_iam_role.sfn_role",
            "aws_iam_role_policy.pipes_permissions",
            "aws_pipes_pipe.sqs_to_sfn",
            "aws_s3_bucket.archive",
            "aws_s3_bucket.curated",
            "aws_s3_bucket.raw",
            "aws_s3_object.script_archive",
            "aws_s3_object.script_dynamodb_loader",
            "aws_s3_object.script_etl_transform",
            "aws_s3_object.script_kpi_aggregation",
            "aws_s3_object.script_validation",
            "aws_s3_object.streams1_data",
            "aws_s3_object.streams_folder",
            "aws_sfn_state_machine.pipeline",
            "aws_sns_topic.pipeline_alerts",
            "aws_sqs_queue.pipeline_dlq",
            "aws_sqs_queue.pipeline_events",
            "aws_sqs_queue_policy.pipeline_events",
            "data.aws_caller_identity.current",
            "data.aws_iam_policy_document.glue_trust",
            "data.aws_iam_policy_document.pipes_permissions",
            "data.aws_iam_policy_document.pipes_trust",
            "data.aws_iam_policy_document.sfn_trust"
          ]
        }
      ]
    },
    {
      "mode": "managed",
      "type": "aws_s3_object",
      "name": "streams3_data",
      "provider": "provider[\"registry.terraform.io/hashicorp/aws\"]",
      "instances": [
        {
          "schema_version": 0,
          "attributes": {
            "acl": null,
            "arn": "arn:aws:s3:::music-streaming-raw-dev/streams/streams3.csv",
            "bucket": "music-streaming-raw-dev",
            "bucket_key_enabled": false,
            "cache_control": "",
            "checksum_algorithm": null,
            "checksum_crc32": "",
            "checksum_crc32c": "",
            "checksum_crc64nvme": "",
            "checksum_sha1": "",
            "checksum_sha256": "",
            "content": null,
            "content_base64": null,
            "content_disposition": "",
            "content_encoding": "",
            "content_language": "",
            "content_type": "application/octet-stream",
            "etag": "3153150361c1dfe70a54a084dcaabb27",
            "force_destroy": false,
            "id": "streams/streams3.csv",
            "key": "streams/streams3.csv",
            "kms_key_id": null,
            "metadata": null,
            "object_lock_legal_hold_status": "",
            "object_lock_mode": "",
            "object_lock_retain_until_date": "",
            "override_provider": [],
            "server_side_encryption": "AES256",
            "source": "./../data/streams/streams3.csv",
            "source_hash": null,
            "storage_class": "STANDARD",
            "tags": {
              "Layer": "bronze"
            },
            "tags_all": {
              "Environment": "dev",
              "Layer": "bronze",
              "ManagedBy": "terraform",
              "Project": "music-streaming-pipeline"
            },
            "version_id": "w3J_jD3Ve8pgepAG4xwFV3FYtkFn9hZy",
            "website_redirect": ""
          },
          "sensitive_attributes": [],
          "identity_schema_version": 0,
          "private": "bnVsbA==",
          "dependencies": [
            "aws_cloudwatch_event_rule.streams_uploaded",
            "aws_cloudwatch_event_target.sqs_target",
            "aws_cloudwatch_log_group.glue_jobs",
            "aws_cloudwatch_log_group.step_functions",
            "aws_glue_catalog_database.music_db",
            "aws_glue_crawler.raw_crawler",
            "aws_glue_job.archive",
            "aws_glue_job.dynamodb_loader",
            "aws_glue_job.etl_transform",
            "aws_glue_job.kpi_aggregation",
            "aws_glue_job.validation",
            "aws_iam_role.glue_role",
            "aws_iam_role.pipes_role",
            "aws_iam_role.sfn_role",
            "aws_iam_role_policy.pipes_permissions",
            "aws_pipes_pipe.sqs_to_sfn",
            "aws_s3_bucket.archive",
            "aws_s3_bucket.curated",
            "aws_s3_bucket.raw",
            "aws_s3_object.script_archive",
            "aws_s3_object.script_dynamodb_loader",
            "aws_s3_object.script_etl_transform",
            "aws_s3_object.script_kpi_aggregation",
            "aws_s3_object.script_validation",
            "aws_s3_object.streams1_data",
            "aws_s3_object.streams2_data",
            "aws_s3_object.streams_folder",
            "aws_sfn_state_machine.pipeline",
            "aws_sns_topic.pipeline_alerts",
            "aws_sqs_queue.pipeline_dlq",
            "aws_sqs_queue.pipeline_events",
            "aws_sqs_queue_policy.pipeline_events",
            "data.aws_caller_identity.current",
            "data.aws_iam_policy_document.glue_trust",
            "data.aws_iam_policy_document.pipes_permissions",
            "data.aws_iam_policy_document.pipes_trust",
            "data.aws_iam_policy_document.sfn_trust"
          ]
        }
      ]
    },
    {
      "mode": "managed",
      "type": "aws_s3_object",
      "name": "streams_folder",
      "provider": "provider[\"registry.terraform.io/hashicorp/aws\"]",
      "instances": [
        {
          "schema_version": 0,
          "attributes": {
            "acl": null,
            "arn": "arn:aws:s3:::music-streaming-raw-dev/streams/",
            "bucket": "music-streaming-raw-dev",
            "bucket_key_enabled": false,
            "cache_control": "",
            "checksum_algorithm": null,
            "checksum_crc32": "",
            "checksum_crc32c": "",
            "checksum_crc64nvme": "",
            "checksum_sha1": "",
            "checksum_sha256": "",
            "content": "",
            "content_base64": null,
            "content_disposition": "",
            "content_encoding": "",
            "content_language": "",
            "content_type": "application/octet-stream",
            "etag": "d41d8cd98f00b204e9800998ecf8427e",
            "force_destroy": false,
            "id": "streams/",
            "key": "streams/",
            "kms_key_id": null,
            "metadata": null,
            "object_lock_legal_hold_status": "",
            "object_lock_mode": "",
            "object_lock_retain_until_date": "",
            "override_provider": [],
            "server_side_encryption": "AES256",
            "source": null,
            "source_hash": null,
            "storage_class": "STANDARD",
            "tags": null,
            "tags_all": {
              "Environment": "dev",
              "ManagedBy": "terraform",
              "Project": "music-streaming-pipeline"
            },
            "version_id": "zrtpgCV36SO86O7kNhSDgPGe.e.E6I0q",
            "website_redirect": ""
          },
          "sensitive_attributes": [],
          "identity_schema_version": 0,
          "private": "bnVsbA==",
          "dependencies": [
            "aws_cloudwatch_event_rule.streams_uploaded",
            "aws_cloudwatch_event_target.sqs_target",
            "aws_cloudwatch_log_group.glue_jobs",
            "aws_cloudwatch_log_group.step_functions",
            "aws_glue_catalog_database.music_db",
            "aws_glue_crawler.raw_crawler",
            "aws_glue_job.archive",
            "aws_glue_job.dynamodb_loader",
            "aws_glue_job.etl_transform",
            "aws_glue_job.kpi_aggregation",
            "aws_glue_job.validation",
            "aws_iam_role.glue_role",
            "aws_iam_role.pipes_role",
            "aws_iam_role.sfn_role",
            "aws_iam_role_policy.pipes_permissions",
            "aws_pipes_pipe.sqs_to_sfn",
            "aws_s3_bucket.archive",
            "aws_s3_bucket.curated",
            "aws_s3_bucket.raw",
            "aws_s3_object.script_archive",
            "aws_s3_object.script_dynamodb_loader",
            "aws_s3_object.script_etl_transform",
            "aws_s3_object.script_kpi_aggregation",
            "aws_s3_object.script_validation",
            "aws_sfn_state_machine.pipeline",
            "aws_sns_topic.pipeline_alerts",
            "aws_sqs_queue.pipeline_dlq",
            "aws_sqs_queue.pipeline_events",
            "aws_sqs_queue_policy.pipeline_events",
            "data.aws_caller_identity.current",
            "data.aws_iam_policy_document.glue_trust",
            "data.aws_iam_policy_document.pipes_permissions",
            "data.aws_iam_policy_document.pipes_trust",
            "data.aws_iam_policy_document.sfn_trust"
          ]
        }
      ]
    },
    {
      "mode": "managed",
      "type": "aws_s3_object",
      "name": "users_data",
      "provider": "provider[\"registry.terraform.io/hashicorp/aws\"]",
      "instances": [
        {
          "schema_version": 0,
          "attributes": {
            "acl": null,
            "arn": "arn:aws:s3:::music-streaming-raw-dev/users/users.csv",
            "bucket": "music-streaming-raw-dev",
            "bucket_key_enabled": false,
            "cache_control": "",
            "checksum_algorithm": null,
            "checksum_crc32": "",
            "checksum_crc32c": "",
            "checksum_crc64nvme": "",
            "checksum_sha1": "",
            "checksum_sha256": "",
            "content": null,
            "content_base64": null,
            "content_disposition": "",
            "content_encoding": "",
            "content_language": "",
            "content_type": "application/octet-stream",
            "etag": "db608eee161480bf1d08d3fa17d35e19",
            "force_destroy": false,
            "id": "users/users.csv",
            "key": "users/users.csv",
            "kms_key_id": null,
            "metadata": null,
            "object_lock_legal_hold_status": "",
            "object_lock_mode": "",
            "object_lock_retain_until_date": "",
            "override_provider": [],
            "server_side_encryption": "AES256",
            "source": "./../data/users/users.csv",
            "source_hash": null,
            "storage_class": "STANDARD",
            "tags": {
              "Layer": "bronze"
            },
            "tags_all": {
              "Environment": "dev",
              "Layer": "bronze",
              "ManagedBy": "terraform",
              "Project": "music-streaming-pipeline"
            },
            "version_id": "jPco70zN7dYhC5KgHcrTbIWI0KaMt2Ji",
            "website_redirect": ""
          },
          "sensitive_attributes": [],
          "identity_schema_version": 0,
          "private": "bnVsbA==",
          "dependencies": [
            "aws_s3_bucket.raw"
          ]
        }
      ]
    },
    {
      "mode": "managed",
      "type": "aws_s3_object",
      "name": "users_folder",
      "provider": "provider[\"registry.terraform.io/hashicorp/aws\"]",
      "instances": [
        {
          "schema_version": 0,
          "attributes": {
            "acl": null,
            "arn": "arn:aws:s3:::music-streaming-raw-dev/users/",
            "bucket": "music-streaming-raw-dev",
            "bucket_key_enabled": false,
            "cache_control": "",
            "checksum_algorithm": null,
            "checksum_crc32": "",
            "checksum_crc32c": "",
            "checksum_crc64nvme": "",
            "checksum_sha1": "",
            "checksum_sha256": "",
            "content": "",
            "content_base64": null,
            "content_disposition": "",
            "content_encoding": "",
            "content_language": "",
            "content_type": "application/octet-stream",
            "etag": "d41d8cd98f00b204e9800998ecf8427e",
            "force_destroy": false,
            "id": "users/",
            "key": "users/",
            "kms_key_id": null,
            "metadata": null,
            "object_lock_legal_hold_status": "",
            "object_lock_mode": "",
            "object_lock_retain_until_date": "",
            "override_provider": [],
            "server_side_encryption": "AES256",
            "source": null,
            "source_hash": null,
            "storage_class": "STANDARD",
            "tags": null,
            "tags_all": {
              "Environment": "dev",
              "ManagedBy": "terraform",
              "Project": "music-streaming-pipeline"
            },
            "version_id": "qETTv8oPRfquY8988VBA7T8Kvs1RJS3P",
            "website_redirect": ""
          },
          "sensitive_attributes": [],
          "identity_schema_version": 0,
          "private": "bnVsbA==",
          "dependencies": [
            "aws_cloudwatch_event_rule.streams_uploaded",
            "aws_cloudwatch_event_target.sqs_target",
            "aws_cloudwatch_log_group.glue_jobs",
            "aws_cloudwatch_log_group.step_functions",
            "aws_glue_catalog_database.music_db",
            "aws_glue_crawler.raw_crawler",
            "aws_glue_job.archive",
            "aws_glue_job.dynamodb_loader",
            "aws_glue_job.etl_transform",
            "aws_glue_job.kpi_aggregation",
            "aws_glue_job.validation",
            "aws_iam_role.glue_role",
            "aws_iam_role.pipes_role",
            "aws_iam_role.sfn_role",
            "aws_iam_role_policy.pipes_permissions",
            "aws_pipes_pipe.sqs_to_sfn",
            "aws_s3_bucket.archive",
            "aws_s3_bucket.curated",
            "aws_s3_bucket.raw",
            "aws_s3_object.script_archive",
            "aws_s3_object.script_dynamodb_loader",
            "aws_s3_object.script_etl_transform",
            "aws_s3_object.script_kpi_aggregation",
            "aws_s3_object.script_validation",
            "aws_sfn_state_machine.pipeline",
            "aws_sns_topic.pipeline_alerts",
            "aws_sqs_queue.pipeline_dlq",
            "aws_sqs_queue.pipeline_events",
            "aws_sqs_queue_policy.pipeline_events",
            "data.aws_caller_identity.current",
            "data.aws_iam_policy_document.glue_trust",
            "data.aws_iam_policy_document.pipes_permissions",
            "data.aws_iam_policy_document.pipes_trust",
            "data.aws_iam_policy_document.sfn_trust"
          ]
        }
      ]
    },
    {
      "mode": "managed",
      "type": "aws_sfn_state_machine",
      "name": "pipeline",
      "provider": "provider[\"registry.terraform.io/hashicorp/aws\"]",
      "instances": [
        {
          "schema_version": 0,
          "attributes": {
            "arn": "arn:aws:states:us-east-1:879584802537:stateMachine:music-streaming-pipeline",
            "creation_date": "2026-05-25T22:21:26Z",
            "definition": "{\"Comment\":\"Music Streaming ETL Pipeline — orchestrates 5 Glue jobs in sequence\",\"StartAt\":\"NormalizeInput\",\"States\":{\"AggregateKPIs\":{\"Catch\":[{\"ErrorEquals\":[\"States.ALL\"],\"Next\":\"NotifyFailure\",\"ResultPath\":\"$.error\"}],\"Next\":\"LoadDynamoDB\",\"Parameters\":{\"JobName\":\"music-streaming-kpi-aggregation\"},\"Resource\":\"arn:aws:states:::glue:startJobRun.sync\",\"ResultPath\":\"$.kpiResult\",\"Type\":\"Task\"},\"ArchiveFiles\":{\"Catch\":[{\"ErrorEquals\":[\"States.ALL\"],\"Next\":\"NotifyFailure\",\"ResultPath\":\"$.error\"}],\"Next\":\"PipelineSucceeded\",\"Parameters\":{\"JobName\":\"music-streaming-archive\"},\"Resource\":\"arn:aws:states:::glue:startJobRun.sync\",\"ResultPath\":\"$.archiveResult\",\"Type\":\"Task\"},\"CheckCrawlerStatus\":{\"Catch\":[{\"ErrorEquals\":[\"States.ALL\"],\"Next\":\"NotifyFailure\",\"ResultPath\":\"$.error\"}],\"Next\":\"IsCrawlerReady\",\"Parameters\":{\"Name\":\"music-streaming-raw-crawler\"},\"Resource\":\"arn:aws:states:::aws-sdk:glue:getCrawler\",\"ResultPath\":\"$.crawlerStatus\",\"Type\":\"Task\"},\"IsCrawlerReady\":{\"Choices\":[{\"Next\":\"ValidateData\",\"StringEquals\":\"READY\",\"Variable\":\"$.crawlerStatus.Crawler.State\"}],\"Default\":\"WaitForCrawler\",\"Type\":\"Choice\"},\"LoadDynamoDB\":{\"Catch\":[{\"ErrorEquals\":[\"States.ALL\"],\"Next\":\"NotifyFailure\",\"ResultPath\":\"$.error\"}],\"Next\":\"ArchiveFiles\",\"Parameters\":{\"JobName\":\"music-streaming-dynamodb-loader\"},\"Resource\":\"arn:aws:states:::glue:startJobRun.sync\",\"ResultPath\":\"$.dynamoResult\",\"Type\":\"Task\"},\"NormalizeInput\":{\"InputPath\":\"$[0]\",\"Next\":\"StartRawCrawler\",\"Type\":\"Pass\"},\"NotifyFailure\":{\"Next\":\"PipelineFailed\",\"Parameters\":{\"Message.$\":\"States.Format('Pipeline failed. Error details: {}', States.JsonToString($.error))\",\"Subject\":\"Music Streaming Pipeline FAILED\",\"TopicArn\":\"arn:aws:sns:us-east-1:879584802537:music-streaming-pipeline-alerts\"},\"Resource\":\"arn:aws:states:::sns:publish\",\"ResultPath\":\"$.snsResult\",\"Type\":\"Task\"},\"PipelineFailed\":{\"Cause\":\"One or more pipeline steps failed — check CloudWatch logs and SNS alert for details\",\"Error\":\"PipelineError\",\"Type\":\"Fail\"},\"PipelineSucceeded\":{\"Type\":\"Succeed\"},\"StartRawCrawler\":{\"Catch\":[{\"ErrorEquals\":[\"Glue.CrawlerRunningException\"],\"Next\":\"WaitForCrawler\",\"ResultPath\":null},{\"ErrorEquals\":[\"States.ALL\"],\"Next\":\"NotifyFailure\",\"ResultPath\":\"$.error\"}],\"Next\":\"WaitForCrawler\",\"Parameters\":{\"Name\":\"music-streaming-raw-crawler\"},\"Resource\":\"arn:aws:states:::aws-sdk:glue:startCrawler\",\"ResultPath\":null,\"Type\":\"Task\"},\"TransformData\":{\"Catch\":[{\"ErrorEquals\":[\"States.ALL\"],\"Next\":\"NotifyFailure\",\"ResultPath\":\"$.error\"}],\"Next\":\"AggregateKPIs\",\"Parameters\":{\"JobName\":\"music-streaming-etl-transform\"},\"Resource\":\"arn:aws:states:::glue:startJobRun.sync\",\"ResultPath\":\"$.transformResult\",\"Type\":\"Task\"},\"ValidateData\":{\"Catch\":[{\"ErrorEquals\":[\"States.ALL\"],\"Next\":\"NotifyFailure\",\"ResultPath\":\"$.error\"}],\"Next\":\"TransformData\",\"Parameters\":{\"JobName\":\"music-streaming-validation\"},\"Resource\":\"arn:aws:states:::glue:startJobRun.sync\",\"ResultPath\":\"$.validationResult\",\"Type\":\"Task\"},\"WaitForCrawler\":{\"Next\":\"CheckCrawlerStatus\",\"Seconds\":30,\"Type\":\"Wait\"}}}",
            "description": "",
            "encryption_configuration": [
              {
                "kms_data_key_reuse_period_seconds": 0,
                "kms_key_id": "",
                "type": "AWS_OWNED_KEY"
              }
            ],
            "id": "arn:aws:states:us-east-1:879584802537:stateMachine:music-streaming-pipeline",
            "logging_configuration": [
              {
                "include_execution_data": true,
                "level": "ALL",
                "log_destination": "arn:aws:logs:us-east-1:879584802537:log-group:/aws/states/music-streaming:*"
              }
            ],
            "name": "music-streaming-pipeline",
            "name_prefix": "",
            "publish": false,
            "revision_id": "",
            "role_arn": "arn:aws:iam::879584802537:role/music-streaming-sfn-role",
            "state_machine_version_arn": "",
            "status": "ACTIVE",
            "tags": {
              "Pipeline": "music-streaming"
            },
            "tags_all": {
              "Environment": "dev",
              "ManagedBy": "terraform",
              "Pipeline": "music-streaming",
              "Project": "music-streaming-pipeline"
            },
            "timeouts": null,
            "tracing_configuration": [
              {
                "enabled": true
              }
            ],
            "type": "STANDARD",
            "version_description": null
          },
          "sensitive_attributes": [],
          "identity_schema_version": 0,
          "private": "eyJlMmJmYjczMC1lY2FhLTExZTYtOGY4OC0zNDM2M2JjN2M0YzAiOnsiY3JlYXRlIjozMDAwMDAwMDAwMDAsImRlbGV0ZSI6MzAwMDAwMDAwMDAwLCJ1cGRhdGUiOjYwMDAwMDAwMDAwfX0=",
          "dependencies": [
            "aws_cloudwatch_log_group.glue_jobs",
            "aws_cloudwatch_log_group.step_functions",
            "aws_glue_catalog_database.music_db",
            "aws_glue_crawler.raw_crawler",
            "aws_glue_job.archive",
            "aws_glue_job.dynamodb_loader",
            "aws_glue_job.etl_transform",
            "aws_glue_job.kpi_aggregation",
            "aws_glue_job.validation",
            "aws_iam_role.glue_role",
            "aws_iam_role.sfn_role",
            "aws_s3_bucket.archive",
            "aws_s3_bucket.curated",
            "aws_s3_bucket.raw",
            "aws_s3_object.script_archive",
            "aws_s3_object.script_dynamodb_loader",
            "aws_s3_object.script_etl_transform",
            "aws_s3_object.script_kpi_aggregation",
            "aws_s3_object.script_validation",
            "aws_sns_topic.pipeline_alerts",
            "data.aws_iam_policy_document.glue_trust",
            "data.aws_iam_policy_document.sfn_trust"
          ]
        }
      ]
    },
    {
      "mode": "managed",
      "type": "aws_sns_topic",
      "name": "pipeline_alerts",
      "provider": "provider[\"registry.terraform.io/hashicorp/aws\"]",
      "instances": [
        {
          "schema_version": 0,
          "attributes": {
            "application_failure_feedback_role_arn": "",
            "application_success_feedback_role_arn": "",
            "application_success_feedback_sample_rate": 0,
            "archive_policy": "",
            "arn": "arn:aws:sns:us-east-1:879584802537:music-streaming-pipeline-alerts",
            "beginning_archive_time": "",
            "content_based_deduplication": false,
            "delivery_policy": "",
            "display_name": "Music Streaming Pipeline Alerts",
            "fifo_throughput_scope": "",
            "fifo_topic": false,
            "firehose_failure_feedback_role_arn": "",
            "firehose_success_feedback_role_arn": "",
            "firehose_success_feedback_sample_rate": 0,
            "http_failure_feedback_role_arn": "",
            "http_success_feedback_role_arn": "",
            "http_success_feedback_sample_rate": 0,
            "id": "arn:aws:sns:us-east-1:879584802537:music-streaming-pipeline-alerts",
            "kms_master_key_id": "",
            "lambda_failure_feedback_role_arn": "",
            "lambda_success_feedback_role_arn": "",
            "lambda_success_feedback_sample_rate": 0,
            "name": "music-streaming-pipeline-alerts",
            "name_prefix": "",
            "owner": "879584802537",
            "policy": "{\"Id\":\"__default_policy_ID\",\"Statement\":[{\"Action\":[\"SNS:GetTopicAttributes\",\"SNS:SetTopicAttributes\",\"SNS:AddPermission\",\"SNS:RemovePermission\",\"SNS:DeleteTopic\",\"SNS:Subscribe\",\"SNS:ListSubscriptionsByTopic\",\"SNS:Publish\"],\"Condition\":{\"StringEquals\":{\"AWS:SourceOwner\":\"879584802537\"}},\"Effect\":\"Allow\",\"Principal\":{\"AWS\":\"*\"},\"Resource\":\"arn:aws:sns:us-east-1:879584802537:music-streaming-pipeline-alerts\",\"Sid\":\"__default_statement_ID\"}],\"Version\":\"2008-10-17\"}",
            "signature_version": 0,
            "sqs_failure_feedback_role_arn": "",
            "sqs_success_feedback_role_arn": "",
            "sqs_success_feedback_sample_rate": 0,
            "tags": {
              "Purpose": "Step Functions failure notifications"
            },
            "tags_all": {
              "Environment": "dev",
              "ManagedBy": "terraform",
              "Project": "music-streaming-pipeline",
              "Purpose": "Step Functions failure notifications"
            },
            "tracing_config": ""
          },
          "sensitive_attributes": [],
          "identity_schema_version": 0,
          "private": "bnVsbA=="
        }
      ]
    },
    {
      "mode": "managed",
      "type": "aws_sns_topic_policy",
      "name": "pipeline_alerts",
      "provider": "provider[\"registry.terraform.io/hashicorp/aws\"]",
      "instances": [
        {
          "schema_version": 0,
          "attributes": {
            "arn": "arn:aws:sns:us-east-1:879584802537:music-streaming-pipeline-alerts",
            "id": "arn:aws:sns:us-east-1:879584802537:music-streaming-pipeline-alerts",
            "owner": "879584802537",
            "policy": "{\"Statement\":[{\"Action\":\"sns:Publish\",\"Effect\":\"Allow\",\"Principal\":{\"Service\":\"states.amazonaws.com\"},\"Resource\":\"arn:aws:sns:us-east-1:879584802537:music-streaming-pipeline-alerts\",\"Sid\":\"AllowStepFunctionsPublish\"}],\"Version\":\"2012-10-17\"}"
          },
          "sensitive_attributes": [],
          "identity_schema_version": 0,
          "private": "bnVsbA==",
          "dependencies": [
            "aws_sns_topic.pipeline_alerts"
          ]
        }
      ]
    },
    {
      "mode": "managed",
      "type": "aws_sqs_queue",
      "name": "pipeline_dlq",
      "provider": "provider[\"registry.terraform.io/hashicorp/aws\"]",
      "instances": [
        {
          "schema_version": 0,
          "attributes": {
            "arn": "arn:aws:sqs:us-east-1:879584802537:music-streaming-pipeline-dlq",
            "content_based_deduplication": false,
            "deduplication_scope": "",
            "delay_seconds": 0,
            "fifo_queue": false,
            "fifo_throughput_limit": "",
            "id": "https://sqs.us-east-1.amazonaws.com/879584802537/music-streaming-pipeline-dlq",
            "kms_data_key_reuse_period_seconds": 300,
            "kms_master_key_id": "",
            "max_message_size": 262144,
            "message_retention_seconds": 1209600,
            "name": "music-streaming-pipeline-dlq",
            "name_prefix": "",
            "policy": "",
            "receive_wait_time_seconds": 0,
            "redrive_allow_policy": "",
            "redrive_policy": "",
            "sqs_managed_sse_enabled": true,
            "tags": {
              "Purpose": "Dead-letter queue for unprocessable S3 events"
            },
            "tags_all": {
              "Environment": "dev",
              "ManagedBy": "terraform",
              "Project": "music-streaming-pipeline",
              "Purpose": "Dead-letter queue for unprocessable S3 events"
            },
            "timeouts": null,
            "url": "https://sqs.us-east-1.amazonaws.com/879584802537/music-streaming-pipeline-dlq",
            "visibility_timeout_seconds": 30
          },
          "sensitive_attributes": [],
          "identity_schema_version": 0,
          "private": "eyJlMmJmYjczMC1lY2FhLTExZTYtOGY4OC0zNDM2M2JjN2M0YzAiOnsiY3JlYXRlIjoxODAwMDAwMDAwMDAsImRlbGV0ZSI6MTgwMDAwMDAwMDAwLCJ1cGRhdGUiOjE4MDAwMDAwMDAwMH19"
        }
      ]
    },
    {
      "mode": "managed",
      "type": "aws_sqs_queue",
      "name": "pipeline_events",
      "provider": "provider[\"registry.terraform.io/hashicorp/aws\"]",
      "instances": [
        {
          "schema_version": 0,
          "attributes": {
            "arn": "arn:aws:sqs:us-east-1:879584802537:music-streaming-pipeline-events",
            "content_based_deduplication": false,
            "deduplication_scope": "",
            "delay_seconds": 0,
            "fifo_queue": false,
            "fifo_throughput_limit": "",
            "id": "https://sqs.us-east-1.amazonaws.com/879584802537/music-streaming-pipeline-events",
            "kms_data_key_reuse_period_seconds": 300,
            "kms_master_key_id": "",
            "max_message_size": 262144,
            "message_retention_seconds": 86400,
            "name": "music-streaming-pipeline-events",
            "name_prefix": "",
            "policy": "",
            "receive_wait_time_seconds": 0,
            "redrive_allow_policy": "",
            "redrive_policy": "{\"deadLetterTargetArn\":\"arn:aws:sqs:us-east-1:879584802537:music-streaming-pipeline-dlq\",\"maxReceiveCount\":3}",
            "sqs_managed_sse_enabled": true,
            "tags": {
              "Purpose": "Buffers S3 ObjectCreated events before Step Functions execution"
            },
            "tags_all": {
              "Environment": "dev",
              "ManagedBy": "terraform",
              "Project": "music-streaming-pipeline",
              "Purpose": "Buffers S3 ObjectCreated events before Step Functions execution"
            },
            "timeouts": null,
            "url": "https://sqs.us-east-1.amazonaws.com/879584802537/music-streaming-pipeline-events",
            "visibility_timeout_seconds": 300
          },
          "sensitive_attributes": [],
          "identity_schema_version": 0,
          "private": "eyJlMmJmYjczMC1lY2FhLTExZTYtOGY4OC0zNDM2M2JjN2M0YzAiOnsiY3JlYXRlIjoxODAwMDAwMDAwMDAsImRlbGV0ZSI6MTgwMDAwMDAwMDAwLCJ1cGRhdGUiOjE4MDAwMDAwMDAwMH19",
          "dependencies": [
            "aws_sqs_queue.pipeline_dlq"
          ]
        }
      ]
    },
    {
      "mode": "managed",
      "type": "aws_sqs_queue_policy",
      "name": "pipeline_events",
      "provider": "provider[\"registry.terraform.io/hashicorp/aws\"]",
      "instances": [
        {
          "schema_version": 1,
          "attributes": {
            "id": "https://sqs.us-east-1.amazonaws.com/879584802537/music-streaming-pipeline-events",
            "policy": "{\"Statement\":[{\"Action\":\"sqs:SendMessage\",\"Condition\":{\"ArnEquals\":{\"aws:SourceArn\":\"arn:aws:events:us-east-1:879584802537:rule/music-streaming-streams-uploaded\"}},\"Effect\":\"Allow\",\"Principal\":{\"Service\":\"events.amazonaws.com\"},\"Resource\":\"arn:aws:sqs:us-east-1:879584802537:music-streaming-pipeline-events\",\"Sid\":\"AllowEventBridgeSend\"}],\"Version\":\"2012-10-17\"}",
            "queue_url": "https://sqs.us-east-1.amazonaws.com/879584802537/music-streaming-pipeline-events"
          },
          "sensitive_attributes": [],
          "identity_schema_version": 0,
          "private": "eyJzY2hlbWFfdmVyc2lvbiI6IjEifQ==",
          "dependencies": [
            "aws_cloudwatch_event_rule.streams_uploaded",
            "aws_s3_bucket.raw",
            "aws_sqs_queue.pipeline_dlq",
            "aws_sqs_queue.pipeline_events"
          ]
        }
      ]
    }
  ],
  "check_results": null
}
